// !$*UTF8*$!
{
	archiveVersion = 1;
	classes = {
	};
	objectVersion = 55;
	objects = {

/* Begin PBXBuildFile section */
		8A1CBD7428E350BE00E0AE4B /* SettingsKeys.swift in Sources */ = {isa = PBXBuildFile; fileRef = 8A1CBD7328E350BE00E0AE4B /* SettingsKeys.swift */; };
		8A4C4F8F28E1C0E100721C50 /* MainTabView.swift in Sources */ = {isa = PBXBuildFile; fileRef = 8A4C4F8E28E1C0E100721C50 /* MainTabView.swift */; };
		8A4C4F9128E1C0F100721C50 /* SettingsView.swift in Sources */ = {isa = PBXBuildFile; fileRef = 8A4C4F9028E1C0F100721C50 /* SettingsView.swift */; };
		8A4C4F9428E1D9BB00721C50 /* Array+Extension.swift in Sources */ = {isa = PBXBuildFile; fileRef = 8A4C4F9328E1D9BB00721C50 /* Array+Extension.swift */; };
		8A4C4F9628E1F9B300721C50 /* StationsListViewModel.swift in Sources */ = {isa = PBXBuildFile; fileRef = 8A4C4F9528E1F9B300721C50 /* StationsListViewModel.swift */; };
		8A4C4F9828E1FBFE00721C50 /* RoundedNavigationTitle-ViewModifier.swift in Sources */ = {isa = PBXBuildFile; fileRef = 8A4C4F9728E1FBFE00721C50 /* RoundedNavigationTitle-ViewModifier.swift */; };
		8A4C4F9B28E207C200721C50 /* AppearanceManager.swift in Sources */ = {isa = PBXBuildFile; fileRef = 8A4C4F9A28E207C200721C50 /* AppearanceManager.swift */; };
		8A4C4F9D28E2083500721C50 /* AppearancePicker.swift in Sources */ = {isa = PBXBuildFile; fileRef = 8A4C4F9C28E2083500721C50 /* AppearancePicker.swift */; };
		8A4C4FA328E20FB100721C50 /* ArrowIconPicker.swift in Sources */ = {isa = PBXBuildFile; fileRef = 8A4C4FA228E20FB100721C50 /* ArrowIconPicker.swift */; };
		8A52024A28E0A21900C49779 /* AddNewStationView.swift in Sources */ = {isa = PBXBuildFile; fileRef = 8A52024428E0A21900C49779 /* AddNewStationView.swift */; };
		8A52024B28E0A21900C49779 /* QuestionView.swift in Sources */ = {isa = PBXBuildFile; fileRef = 8A52024528E0A21900C49779 /* QuestionView.swift */; };
		8A52024C28E0A21900C49779 /* DirectionDistanceView.swift in Sources */ = {isa = PBXBuildFile; fileRef = 8A52024628E0A21900C49779 /* DirectionDistanceView.swift */; };
		8A52024D28E0A21900C49779 /* StationsListView.swift in Sources */ = {isa = PBXBuildFile; fileRef = 8A52024728E0A21900C49779 /* StationsListView.swift */; };
		8A52024E28E0A21900C49779 /* HuntView.swift in Sources */ = {isa = PBXBuildFile; fileRef = 8A52024928E0A21900C49779 /* HuntView.swift */; };
		8A52025328E0A23200C49779 /* Button+PressActionsModifier.swift in Sources */ = {isa = PBXBuildFile; fileRef = 8A52025128E0A23200C49779 /* Button+PressActionsModifier.swift */; };
		8A52025428E0A23200C49779 /* FileManager+Extension.swift in Sources */ = {isa = PBXBuildFile; fileRef = 8A52025228E0A23200C49779 /* FileManager+Extension.swift */; };
		8AD1768928E0AE0C00A12948 /* Button+Extension.swift in Sources */ = {isa = PBXBuildFile; fileRef = 8AD1768828E0AE0C00A12948 /* Button+Extension.swift */; };
		8AD1768B28E0C58200A12948 /* HuntViewModel.swift in Sources */ = {isa = PBXBuildFile; fileRef = 8AD1768A28E0C58200A12948 /* HuntViewModel.swift */; };
		8AD1768E28E0F14600A12948 /* StationsListRowView.swift in Sources */ = {isa = PBXBuildFile; fileRef = 8AD1768D28E0F14600A12948 /* StationsListRowView.swift */; };
		8AE029C328E211FF009B5F4B /* StationAnnotationView.swift in Sources */ = {isa = PBXBuildFile; fileRef = 8AE029C228E211FF009B5F4B /* StationAnnotationView.swift */; };
		8AFCFF3928E225ED000D1A0B /* MapView.swift in Sources */ = {isa = PBXBuildFile; fileRef = 8AFCFF3828E225ED000D1A0B /* MapView.swift */; };
		F212393128CA539C006754E3 /* TreasureHuntApp.swift in Sources */ = {isa = PBXBuildFile; fileRef = F212393028CA539C006754E3 /* TreasureHuntApp.swift */; };
		F212393528CA539E006754E3 /* Assets.xcassets in Resources */ = {isa = PBXBuildFile; fileRef = F212393428CA539E006754E3 /* Assets.xcassets */; };
		F212393828CA539E006754E3 /* Preview Assets.xcassets in Resources */ = {isa = PBXBuildFile; fileRef = F212393728CA539E006754E3 /* Preview Assets.xcassets */; };
		F2A056A528DB7957007D7FFF /* LocationProvider.swift in Sources */ = {isa = PBXBuildFile; fileRef = F2A056A428DB7957007D7FFF /* LocationProvider.swift */; };
		F2A056A728DB7983007D7FFF /* CLLocationCoordinate2DExtension.swift in Sources */ = {isa = PBXBuildFile; fileRef = F2A056A628DB7983007D7FFF /* CLLocationCoordinate2DExtension.swift */; };
		F2A056AB28DB7A63007D7FFF /* Coordinate.swift in Sources */ = {isa = PBXBuildFile; fileRef = F2A056AA28DB7A63007D7FFF /* Coordinate.swift */; };
		F2A056AD28DB8712007D7FFF /* StationsStore.swift in Sources */ = {isa = PBXBuildFile; fileRef = F2A056AC28DB8712007D7FFF /* StationsStore.swift */; };
		F2A056AF28DB8741007D7FFF /* Station.swift in Sources */ = {isa = PBXBuildFile; fileRef = F2A056AE28DB8740007D7FFF /* Station.swift */; };
/* End PBXBuildFile section */

/* Begin PBXFileReference section */
		8A1CBD7328E350BE00E0AE4B /* SettingsKeys.swift */ = {isa = PBXFileReference; fileEncoding = 4; lastKnownFileType = sourcecode.swift; path = SettingsKeys.swift; sourceTree = "<group>"; };
		8A4C4F8E28E1C0E100721C50 /* MainTabView.swift */ = {isa = PBXFileReference; lastKnownFileType = sourcecode.swift; path = MainTabView.swift; sourceTree = "<group>"; };
		8A4C4F9028E1C0F100721C50 /* SettingsView.swift */ = {isa = PBXFileReference; lastKnownFileType = sourcecode.swift; path = SettingsView.swift; sourceTree = "<group>"; };
		8A4C4F9328E1D9BB00721C50 /* Array+Extension.swift */ = {isa = PBXFileReference; lastKnownFileType = sourcecode.swift; path = "Array+Extension.swift"; sourceTree = "<group>"; };
		8A4C4F9528E1F9B300721C50 /* StationsListViewModel.swift */ = {isa = PBXFileReference; lastKnownFileType = sourcecode.swift; name = StationsListViewModel.swift; path = TreasureHunt/Views/StationsListView/StationsListViewModel.swift; sourceTree = SOURCE_ROOT; };
		8A4C4F9728E1FBFE00721C50 /* RoundedNavigationTitle-ViewModifier.swift */ = {isa = PBXFileReference; fileEncoding = 4; lastKnownFileType = sourcecode.swift; path = "RoundedNavigationTitle-ViewModifier.swift"; sourceTree = "<group>"; };
		8A4C4F9A28E207C200721C50 /* AppearanceManager.swift */ = {isa = PBXFileReference; fileEncoding = 4; lastKnownFileType = sourcecode.swift; path = AppearanceManager.swift; sourceTree = "<group>"; };
		8A4C4F9C28E2083500721C50 /* AppearancePicker.swift */ = {isa = PBXFileReference; lastKnownFileType = sourcecode.swift; path = AppearancePicker.swift; sourceTree = "<group>"; };
		8A4C4FA228E20FB100721C50 /* ArrowIconPicker.swift */ = {isa = PBXFileReference; fileEncoding = 4; lastKnownFileType = sourcecode.swift; path = ArrowIconPicker.swift; sourceTree = "<group>"; };
		8A52024428E0A21900C49779 /* AddNewStationView.swift */ = {isa = PBXFileReference; fileEncoding = 4; lastKnownFileType = sourcecode.swift; path = AddNewStationView.swift; sourceTree = "<group>"; };
		8A52024528E0A21900C49779 /* QuestionView.swift */ = {isa = PBXFileReference; fileEncoding = 4; lastKnownFileType = sourcecode.swift; path = QuestionView.swift; sourceTree = "<group>"; };
		8A52024628E0A21900C49779 /* DirectionDistanceView.swift */ = {isa = PBXFileReference; fileEncoding = 4; lastKnownFileType = sourcecode.swift; path = DirectionDistanceView.swift; sourceTree = "<group>"; };
		8A52024728E0A21900C49779 /* StationsListView.swift */ = {isa = PBXFileReference; fileEncoding = 4; lastKnownFileType = sourcecode.swift; path = StationsListView.swift; sourceTree = "<group>"; };
		8A52024928E0A21900C49779 /* HuntView.swift */ = {isa = PBXFileReference; fileEncoding = 4; lastKnownFileType = sourcecode.swift; path = HuntView.swift; sourceTree = "<group>"; };
		8A52025128E0A23200C49779 /* Button+PressActionsModifier.swift */ = {isa = PBXFileReference; fileEncoding = 4; lastKnownFileType = sourcecode.swift; path = "Button+PressActionsModifier.swift"; sourceTree = "<group>"; };
		8A52025228E0A23200C49779 /* FileManager+Extension.swift */ = {isa = PBXFileReference; fileEncoding = 4; lastKnownFileType = sourcecode.swift; path = "FileManager+Extension.swift"; sourceTree = "<group>"; };
		8AD1768828E0AE0C00A12948 /* Button+Extension.swift */ = {isa = PBXFileReference; fileEncoding = 4; lastKnownFileType = sourcecode.swift; path = "Button+Extension.swift"; sourceTree = "<group>"; };
		8AD1768A28E0C58200A12948 /* HuntViewModel.swift */ = {isa = PBXFileReference; lastKnownFileType = sourcecode.swift; path = HuntViewModel.swift; sourceTree = "<group>"; };
		8AD1768D28E0F14600A12948 /* StationsListRowView.swift */ = {isa = PBXFileReference; lastKnownFileType = sourcecode.swift; path = StationsListRowView.swift; sourceTree = "<group>"; };
		8AE029C228E211FF009B5F4B /* StationAnnotationView.swift */ = {isa = PBXFileReference; lastKnownFileType = sourcecode.swift; path = StationAnnotationView.swift; sourceTree = "<group>"; };
		8AFCFF3828E225ED000D1A0B /* MapView.swift */ = {isa = PBXFileReference; lastKnownFileType = sourcecode.swift; path = MapView.swift; sourceTree = "<group>"; };
		F212392D28CA539C006754E3 /* TreasureHunt.app */ = {isa = PBXFileReference; explicitFileType = wrapper.application; includeInIndex = 0; path = TreasureHunt.app; sourceTree = BUILT_PRODUCTS_DIR; };
		F212393028CA539C006754E3 /* TreasureHuntApp.swift */ = {isa = PBXFileReference; lastKnownFileType = sourcecode.swift; path = TreasureHuntApp.swift; sourceTree = "<group>"; };
		F212393428CA539E006754E3 /* Assets.xcassets */ = {isa = PBXFileReference; lastKnownFileType = folder.assetcatalog; path = Assets.xcassets; sourceTree = "<group>"; };
		F212393728CA539E006754E3 /* Preview Assets.xcassets */ = {isa = PBXFileReference; lastKnownFileType = folder.assetcatalog; path = "Preview Assets.xcassets"; sourceTree = "<group>"; };
		F2A056A428DB7957007D7FFF /* LocationProvider.swift */ = {isa = PBXFileReference; lastKnownFileType = sourcecode.swift; path = LocationProvider.swift; sourceTree = "<group>"; };
		F2A056A628DB7983007D7FFF /* CLLocationCoordinate2DExtension.swift */ = {isa = PBXFileReference; lastKnownFileType = sourcecode.swift; path = CLLocationCoordinate2DExtension.swift; sourceTree = "<group>"; };
		F2A056AA28DB7A63007D7FFF /* Coordinate.swift */ = {isa = PBXFileReference; lastKnownFileType = sourcecode.swift; path = Coordinate.swift; sourceTree = "<group>"; };
		F2A056AC28DB8712007D7FFF /* StationsStore.swift */ = {isa = PBXFileReference; lastKnownFileType = sourcecode.swift; path = StationsStore.swift; sourceTree = "<group>"; };
		F2A056AE28DB8740007D7FFF /* Station.swift */ = {isa = PBXFileReference; lastKnownFileType = sourcecode.swift; path = Station.swift; sourceTree = "<group>"; };
/* End PBXFileReference section */

/* Begin PBXFrameworksBuildPhase section */
		F212392A28CA539C006754E3 /* Frameworks */ = {
			isa = PBXFrameworksBuildPhase;
			buildActionMask = 2147483647;
			files = (
			);
			runOnlyForDeploymentPostprocessing = 0;
		};
/* End PBXFrameworksBuildPhase section */

/* Begin PBXGroup section */
		8A4C4F9228E1C0F700721C50 /* SettingsView */ = {
			isa = PBXGroup;
			children = (
				8A4C4F9028E1C0F100721C50 /* SettingsView.swift */,
				8A1CBD7328E350BE00E0AE4B /* SettingsKeys.swift */,
			);
			path = SettingsView;
			sourceTree = "<group>";
		};
		8A4C4F9928E207AA00721C50 /* Utils */ = {
			isa = PBXGroup;
			children = (
				8A4C4F9F28E20CBA00721C50 /* ArrowIconManager */,
				8A4C4F9E28E2086300721C50 /* AppearanceManager */,
			);
			path = Utils;
			sourceTree = "<group>";
		};
		8A4C4F9E28E2086300721C50 /* AppearanceManager */ = {
			isa = PBXGroup;
			children = (
				8A4C4F9A28E207C200721C50 /* AppearanceManager.swift */,
				8A4C4F9C28E2083500721C50 /* AppearancePicker.swift */,
			);
			path = AppearanceManager;
			sourceTree = "<group>";
		};
		8A4C4F9F28E20CBA00721C50 /* ArrowIconManager */ = {
			isa = PBXGroup;
			children = (
				8A4C4FA228E20FB100721C50 /* ArrowIconPicker.swift */,
			);
			path = ArrowIconManager;
			sourceTree = "<group>";
		};
		8A52024328E0A21900C49779 /* Views */ = {
			isa = PBXGroup;
			children = (
				8AD1768F28E1C08000A12948 /* MainTabView */,
				8AD1768C28E0F13300A12948 /* StationsListView */,
				8A52024828E0A21900C49779 /* HuntView */,
				8A4C4F9228E1C0F700721C50 /* SettingsView */,
				8A52024528E0A21900C49779 /* QuestionView.swift */,
				8AFCFF3828E225ED000D1A0B /* MapView.swift */,
			);
			path = Views;
			sourceTree = "<group>";
		};
		8A52024828E0A21900C49779 /* HuntView */ = {
			isa = PBXGroup;
			children = (
				8A52024928E0A21900C49779 /* HuntView.swift */,
				8AD1768A28E0C58200A12948 /* HuntViewModel.swift */,
				8A52024628E0A21900C49779 /* DirectionDistanceView.swift */,
				8AE029C228E211FF009B5F4B /* StationAnnotationView.swift */,
			);
			path = HuntView;
			sourceTree = "<group>";
		};
		8A52024F28E0A23200C49779 /* Extensions */ = {
			isa = PBXGroup;
			children = (
				8AD1768828E0AE0C00A12948 /* Button+Extension.swift */,
				8A4C4F9328E1D9BB00721C50 /* Array+Extension.swift */,
				8A52025228E0A23200C49779 /* FileManager+Extension.swift */,
				8A52025028E0A23200C49779 /* ViewModifier */,
			);
			path = Extensions;
			sourceTree = "<group>";
		};
		8A52025028E0A23200C49779 /* ViewModifier */ = {
			isa = PBXGroup;
			children = (
				8A4C4F9728E1FBFE00721C50 /* RoundedNavigationTitle-ViewModifier.swift */,
				8A52025128E0A23200C49779 /* Button+PressActionsModifier.swift */,
			);
			path = ViewModifier;
			sourceTree = "<group>";
		};
		8AD1768C28E0F13300A12948 /* StationsListView */ = {
			isa = PBXGroup;
			children = (
				8A52024728E0A21900C49779 /* StationsListView.swift */,
				8A4C4F9528E1F9B300721C50 /* StationsListViewModel.swift */,
				8AD1768D28E0F14600A12948 /* StationsListRowView.swift */,
				8A52024428E0A21900C49779 /* AddNewStationView.swift */,
			);
			path = StationsListView;
			sourceTree = "<group>";
		};
		8AD1768F28E1C08000A12948 /* MainTabView */ = {
			isa = PBXGroup;
			children = (
				8A4C4F8E28E1C0E100721C50 /* MainTabView.swift */,
			);
			path = MainTabView;
			sourceTree = "<group>";
		};
		F212392428CA539C006754E3 = {
			isa = PBXGroup;
			children = (
				F212392F28CA539C006754E3 /* TreasureHunt */,
				F212392E28CA539C006754E3 /* Products */,
			);
			sourceTree = "<group>";
		};
		F212392E28CA539C006754E3 /* Products */ = {
			isa = PBXGroup;
			children = (
				F212392D28CA539C006754E3 /* TreasureHunt.app */,
			);
			name = Products;
			sourceTree = "<group>";
		};
		F212392F28CA539C006754E3 /* TreasureHunt */ = {
			isa = PBXGroup;
			children = (
				F212393028CA539C006754E3 /* TreasureHuntApp.swift */,
				8A52024328E0A21900C49779 /* Views */,
				F2A056B228DB99B9007D7FFF /* Model */,
				8A52024F28E0A23200C49779 /* Extensions */,
				8A4C4F9928E207AA00721C50 /* Utils */,
				F212393428CA539E006754E3 /* Assets.xcassets */,
				F212393628CA539E006754E3 /* Preview Content */,
			);
			path = TreasureHunt;
			sourceTree = "<group>";
		};
		F212393628CA539E006754E3 /* Preview Content */ = {
			isa = PBXGroup;
			children = (
				F212393728CA539E006754E3 /* Preview Assets.xcassets */,
			);
			path = "Preview Content";
			sourceTree = "<group>";
		};
		F2A056B228DB99B9007D7FFF /* Model */ = {
			isa = PBXGroup;
			children = (
				F2A056AA28DB7A63007D7FFF /* Coordinate.swift */,
				F2A056AC28DB8712007D7FFF /* StationsStore.swift */,
				F2A056AE28DB8740007D7FFF /* Station.swift */,
				F2A056A428DB7957007D7FFF /* LocationProvider.swift */,
				F2A056A628DB7983007D7FFF /* CLLocationCoordinate2DExtension.swift */,
			);
			path = Model;
			sourceTree = "<group>";
		};
/* End PBXGroup section */

/* Begin PBXNativeTarget section */
		F212392C28CA539C006754E3 /* TreasureHunt */ = {
			isa = PBXNativeTarget;
			buildConfigurationList = F212393B28CA539E006754E3 /* Build configuration list for PBXNativeTarget "TreasureHunt" */;
			buildPhases = (
				F212392928CA539C006754E3 /* Sources */,
				F212392A28CA539C006754E3 /* Frameworks */,
				F212392B28CA539C006754E3 /* Resources */,
			);
			buildRules = (
			);
			dependencies = (
			);
			name = TreasureHunt;
			productName = TreasureHunt;
			productReference = F212392D28CA539C006754E3 /* TreasureHunt.app */;
			productType = "com.apple.product-type.application";
		};
/* End PBXNativeTarget section */

/* Begin PBXProject section */
		F212392528CA539C006754E3 /* Project object */ = {
			isa = PBXProject;
			attributes = {
				BuildIndependentTargetsInParallel = 1;
				LastSwiftUpdateCheck = 1340;
				LastUpgradeCheck = 1340;
				TargetAttributes = {
					F212392C28CA539C006754E3 = {
						CreatedOnToolsVersion = 13.4.1;
					};
				};
			};
			buildConfigurationList = F212392828CA539C006754E3 /* Build configuration list for PBXProject "TreasureHunt" */;
			compatibilityVersion = "Xcode 13.0";
			developmentRegion = en;
			hasScannedForEncodings = 0;
			knownRegions = (
				en,
				Base,
			);
			mainGroup = F212392428CA539C006754E3;
			productRefGroup = F212392E28CA539C006754E3 /* Products */;
			projectDirPath = "";
			projectRoot = "";
			targets = (
				F212392C28CA539C006754E3 /* TreasureHunt */,
			);
		};
/* End PBXProject section */

/* Begin PBXResourcesBuildPhase section */
		F212392B28CA539C006754E3 /* Resources */ = {
			isa = PBXResourcesBuildPhase;
			buildActionMask = 2147483647;
			files = (
				F212393828CA539E006754E3 /* Preview Assets.xcassets in Resources */,
				F212393528CA539E006754E3 /* Assets.xcassets in Resources */,
			);
			runOnlyForDeploymentPostprocessing = 0;
		};
/* End PBXResourcesBuildPhase section */

/* Begin PBXSourcesBuildPhase section */
		F212392928CA539C006754E3 /* Sources */ = {
			isa = PBXSourcesBuildPhase;
			buildActionMask = 2147483647;
			files = (
				F2A056A528DB7957007D7FFF /* LocationProvider.swift in Sources */,
				F2A056AF28DB8741007D7FFF /* Station.swift in Sources */,
				8A4C4F9828E1FBFE00721C50 /* RoundedNavigationTitle-ViewModifier.swift in Sources */,
				8A52024A28E0A21900C49779 /* AddNewStationView.swift in Sources */,
				8A4C4F9128E1C0F100721C50 /* SettingsView.swift in Sources */,
				F212393128CA539C006754E3 /* TreasureHuntApp.swift in Sources */,
				8A52025328E0A23200C49779 /* Button+PressActionsModifier.swift in Sources */,
				8A4C4F9D28E2083500721C50 /* AppearancePicker.swift in Sources */,
				8AD1768B28E0C58200A12948 /* HuntViewModel.swift in Sources */,
				8AE029C328E211FF009B5F4B /* StationAnnotationView.swift in Sources */,
				F2A056A728DB7983007D7FFF /* CLLocationCoordinate2DExtension.swift in Sources */,
				8A52024C28E0A21900C49779 /* DirectionDistanceView.swift in Sources */,
				8A4C4FA328E20FB100721C50 /* ArrowIconPicker.swift in Sources */,
				8AD1768E28E0F14600A12948 /* StationsListRowView.swift in Sources */,
				8A4C4F8F28E1C0E100721C50 /* MainTabView.swift in Sources */,
				8A4C4F9428E1D9BB00721C50 /* Array+Extension.swift in Sources */,
				8AD1768928E0AE0C00A12948 /* Button+Extension.swift in Sources */,
				8AFCFF3928E225ED000D1A0B /* MapView.swift in Sources */,
				8A52024E28E0A21900C49779 /* HuntView.swift in Sources */,
				8A52024B28E0A21900C49779 /* QuestionView.swift in Sources */,
				8A4C4F9628E1F9B300721C50 /* StationsListViewModel.swift in Sources */,
				F2A056AD28DB8712007D7FFF /* StationsStore.swift in Sources */,
				8A52025428E0A23200C49779 /* FileManager+Extension.swift in Sources */,
				8A4C4F9B28E207C200721C50 /* AppearanceManager.swift in Sources */,
				8A52024D28E0A21900C49779 /* StationsListView.swift in Sources */,
				F2A056AB28DB7A63007D7FFF /* Coordinate.swift in Sources */,
				8A1CBD7428E350BE00E0AE4B /* SettingsKeys.swift in Sources */,
			);
			runOnlyForDeploymentPostprocessing = 0;
		};
/* End PBXSourcesBuildPhase section */

/* Begin XCBuildConfiguration section */
		F212393928CA539E006754E3 /* Debug */ = {
			isa = XCBuildConfiguration;
			buildSettings = {
				ALWAYS_SEARCH_USER_PATHS = NO;
				CLANG_ANALYZER_NONNULL = YES;
				CLANG_ANALYZER_NUMBER_OBJECT_CONVERSION = YES_AGGRESSIVE;
				CLANG_CXX_LANGUAGE_STANDARD = "gnu++17";
				CLANG_ENABLE_MODULES = YES;
				CLANG_ENABLE_OBJC_ARC = YES;
				CLANG_ENABLE_OBJC_WEAK = YES;
				CLANG_WARN_BLOCK_CAPTURE_AUTORELEASING = YES;
				CLANG_WARN_BOOL_CONVERSION = YES;
				CLANG_WARN_COMMA = YES;
				CLANG_WARN_CONSTANT_CONVERSION = YES;
				CLANG_WARN_DEPRECATED_OBJC_IMPLEMENTATIONS = YES;
				CLANG_WARN_DIRECT_OBJC_ISA_USAGE = YES_ERROR;
				CLANG_WARN_DOCUMENTATION_COMMENTS = YES;
				CLANG_WARN_EMPTY_BODY = YES;
				CLANG_WARN_ENUM_CONVERSION = YES;
				CLANG_WARN_INFINITE_RECURSION = YES;
				CLANG_WARN_INT_CONVERSION = YES;
				CLANG_WARN_NON_LITERAL_NULL_CONVERSION = YES;
				CLANG_WARN_OBJC_IMPLICIT_RETAIN_SELF = YES;
				CLANG_WARN_OBJC_LITERAL_CONVERSION = YES;
				CLANG_WARN_OBJC_ROOT_CLASS = YES_ERROR;
				CLANG_WARN_QUOTED_INCLUDE_IN_FRAMEWORK_HEADER = YES;
				CLANG_WARN_RANGE_LOOP_ANALYSIS = YES;
				CLANG_WARN_STRICT_PROTOTYPES = YES;
				CLANG_WARN_SUSPICIOUS_MOVE = YES;
				CLANG_WARN_UNGUARDED_AVAILABILITY = YES_AGGRESSIVE;
				CLANG_WARN_UNREACHABLE_CODE = YES;
				CLANG_WARN__DUPLICATE_METHOD_MATCH = YES;
				COPY_PHASE_STRIP = NO;
				DEBUG_INFORMATION_FORMAT = dwarf;
				ENABLE_STRICT_OBJC_MSGSEND = YES;
				ENABLE_TESTABILITY = YES;
				GCC_C_LANGUAGE_STANDARD = gnu11;
				GCC_DYNAMIC_NO_PIC = NO;
				GCC_NO_COMMON_BLOCKS = YES;
				GCC_OPTIMIZATION_LEVEL = 0;
				GCC_PREPROCESSOR_DEFINITIONS = (
					"DEBUG=1",
					"$(inherited)",
				);
				GCC_WARN_64_TO_32_BIT_CONVERSION = YES;
				GCC_WARN_ABOUT_RETURN_TYPE = YES_ERROR;
				GCC_WARN_UNDECLARED_SELECTOR = YES;
				GCC_WARN_UNINITIALIZED_AUTOS = YES_AGGRESSIVE;
				GCC_WARN_UNUSED_FUNCTION = YES;
				GCC_WARN_UNUSED_VARIABLE = YES;
				IPHONEOS_DEPLOYMENT_TARGET = 15.5;
				MTL_ENABLE_DEBUG_INFO = INCLUDE_SOURCE;
				MTL_FAST_MATH = YES;
				ONLY_ACTIVE_ARCH = YES;
				SDKROOT = iphoneos;
				SWIFT_ACTIVE_COMPILATION_CONDITIONS = DEBUG;
				SWIFT_OPTIMIZATION_LEVEL = "-Onone";
			};
			name = Debug;
		};
		F212393A28CA539E006754E3 /* Release */ = {
			isa = XCBuildConfiguration;
			buildSettings = {
				ALWAYS_SEARCH_USER_PATHS = NO;
				CLANG_ANALYZER_NONNULL = YES;
				CLANG_ANALYZER_NUMBER_OBJECT_CONVERSION = YES_AGGRESSIVE;
				CLANG_CXX_LANGUAGE_STANDARD = "gnu++17";
				CLANG_ENABLE_MODULES = YES;
				CLANG_ENABLE_OBJC_ARC = YES;
				CLANG_ENABLE_OBJC_WEAK = YES;
				CLANG_WARN_BLOCK_CAPTURE_AUTORELEASING = YES;
				CLANG_WARN_BOOL_CONVERSION = YES;
				CLANG_WARN_COMMA = YES;
				CLANG_WARN_CONSTANT_CONVERSION = YES;
				CLANG_WARN_DEPRECATED_OBJC_IMPLEMENTATIONS = YES;
				CLANG_WARN_DIRECT_OBJC_ISA_USAGE = YES_ERROR;
				CLANG_WARN_DOCUMENTATION_COMMENTS = YES;
				CLANG_WARN_EMPTY_BODY = YES;
				CLANG_WARN_ENUM_CONVERSION = YES;
				CLANG_WARN_INFINITE_RECURSION = YES;
				CLANG_WARN_INT_CONVERSION = YES;
				CLANG_WARN_NON_LITERAL_NULL_CONVERSION = YES;
				CLANG_WARN_OBJC_IMPLICIT_RETAIN_SELF = YES;
				CLANG_WARN_OBJC_LITERAL_CONVERSION = YES;
				CLANG_WARN_OBJC_ROOT_CLASS = YES_ERROR;
				CLANG_WARN_QUOTED_INCLUDE_IN_FRAMEWORK_HEADER = YES;
				CLANG_WARN_RANGE_LOOP_ANALYSIS = YES;
				CLANG_WARN_STRICT_PROTOTYPES = YES;
				CLANG_WARN_SUSPICIOUS_MOVE = YES;
				CLANG_WARN_UNGUARDED_AVAILABILITY = YES_AGGRESSIVE;
				CLANG_WARN_UNREACHABLE_CODE = YES;
				CLANG_WARN__DUPLICATE_METHOD_MATCH = YES;
				COPY_PHASE_STRIP = NO;
				DEBUG_INFORMATION_FORMAT = "dwarf-with-dsym";
				ENABLE_NS_ASSERTIONS = NO;
				ENABLE_STRICT_OBJC_MSGSEND = YES;
				GCC_C_LANGUAGE_STANDARD = gnu11;
				GCC_NO_COMMON_BLOCKS = YES;
				GCC_WARN_64_TO_32_BIT_CONVERSION = YES;
				GCC_WARN_ABOUT_RETURN_TYPE = YES_ERROR;
				GCC_WARN_UNDECLARED_SELECTOR = YES;
				GCC_WARN_UNINITIALIZED_AUTOS = YES_AGGRESSIVE;
				GCC_WARN_UNUSED_FUNCTION = YES;
				GCC_WARN_UNUSED_VARIABLE = YES;
				IPHONEOS_DEPLOYMENT_TARGET = 15.5;
				MTL_ENABLE_DEBUG_INFO = NO;
				MTL_FAST_MATH = YES;
				SDKROOT = iphoneos;
				SWIFT_COMPILATION_MODE = wholemodule;
				SWIFT_OPTIMIZATION_LEVEL = "-O";
				VALIDATE_PRODUCT = YES;
			};
			name = Release;
		};
		F212393C28CA539E006754E3 /* Debug */ = {
			isa = XCBuildConfiguration;
			buildSettings = {
				ASSETCATALOG_COMPILER_APPICON_NAME = AppIcon;
				ASSETCATALOG_COMPILER_GLOBAL_ACCENT_COLOR_NAME = AccentColor;
				CODE_SIGN_STYLE = Automatic;
				CURRENT_PROJECT_VERSION = 1;
				DEVELOPMENT_ASSET_PATHS = "\"TreasureHunt/Preview Content\"";
				DEVELOPMENT_TEAM = X9DJ8STXP5;
				ENABLE_PREVIEWS = YES;
				GENERATE_INFOPLIST_FILE = YES;
				INFOPLIST_KEY_NSLocationWhenInUseUsageDescription = "Show direction and distance to next station.";
				INFOPLIST_KEY_UIApplicationSceneManifest_Generation = YES;
				INFOPLIST_KEY_UIApplicationSupportsIndirectInputEvents = YES;
				INFOPLIST_KEY_UILaunchScreen_Generation = YES;
				INFOPLIST_KEY_UISupportedInterfaceOrientations_iPad = "UIInterfaceOrientationPortrait UIInterfaceOrientationPortraitUpsideDown UIInterfaceOrientationLandscapeLeft UIInterfaceOrientationLandscapeRight";
				INFOPLIST_KEY_UISupportedInterfaceOrientations_iPhone = "UIInterfaceOrientationPortrait UIInterfaceOrientationLandscapeLeft UIInterfaceOrientationLandscapeRight";
				LD_RUNPATH_SEARCH_PATHS = (
					"$(inherited)",
					"@executable_path/Frameworks",
				);
				MARKETING_VERSION = 1.0;
				PRODUCT_BUNDLE_IDENTIFIER = de.treboc.TreasureHunt;
				PRODUCT_NAME = "$(TARGET_NAME)";
				SWIFT_EMIT_LOC_STRINGS = YES;
				SWIFT_VERSION = 5.0;
				TARGETED_DEVICE_FAMILY = "1,2";
			};
			name = Debug;
		};
		F212393D28CA539E006754E3 /* Release */ = {
			isa = XCBuildConfiguration;
			buildSettings = {
				ASSETCATALOG_COMPILER_APPICON_NAME = AppIcon;
				ASSETCATALOG_COMPILER_GLOBAL_ACCENT_COLOR_NAME = AccentColor;
				CODE_SIGN_STYLE = Automatic;
				CURRENT_PROJECT_VERSION = 1;
				DEVELOPMENT_ASSET_PATHS = "\"TreasureHunt/Preview Content\"";
				DEVELOPMENT_TEAM = X9DJ8STXP5;
				ENABLE_PREVIEWS = YES;
				GENERATE_INFOPLIST_FILE = YES;
				INFOPLIST_KEY_NSLocationWhenInUseUsageDescription = "Show direction and distance to next station.";
				INFOPLIST_KEY_UIApplicationSceneManifest_Generation = YES;
				INFOPLIST_KEY_UIApplicationSupportsIndirectInputEvents = YES;
				INFOPLIST_KEY_UILaunchScreen_Generation = YES;
				INFOPLIST_KEY_UISupportedInterfaceOrientations_iPad = "UIInterfaceOrientationPortrait UIInterfaceOrientationPortraitUpsideDown UIInterfaceOrientationLandscapeLeft UIInterfaceOrientationLandscapeRight";
				INFOPLIST_KEY_UISupportedInterfaceOrientations_iPhone = "UIInterfaceOrientationPortrait UIInterfaceOrientationLandscapeLeft UIInterfaceOrientationLandscapeRight";
				LD_RUNPATH_SEARCH_PATHS = (
					"$(inherited)",
					"@executable_path/Frameworks",
				);
				MARKETING_VERSION = 1.0;
				PRODUCT_BUNDLE_IDENTIFIER = de.treboc.TreasureHunt;
				PRODUCT_NAME = "$(TARGET_NAME)";
				SWIFT_EMIT_LOC_STRINGS = YES;
				SWIFT_VERSION = 5.0;
				TARGETED_DEVICE_FAMILY = "1,2";
			};
			name = Release;
		};
/* End XCBuildConfiguration section */

/* Begin XCConfigurationList section */
		F212392828CA539C006754E3 /* Build configuration list for PBXProject "TreasureHunt" */ = {
			isa = XCConfigurationList;
			buildConfigurations = (
				F212393928CA539E006754E3 /* Debug */,
				F212393A28CA539E006754E3 /* Release */,
			);
			defaultConfigurationIsVisible = 0;
			defaultConfigurationName = Release;
		};
		F212393B28CA539E006754E3 /* Build configuration list for PBXNativeTarget "TreasureHunt" */ = {
			isa = XCConfigurationList;
			buildConfigurations = (
				F212393C28CA539E006754E3 /* Debug */,
				F212393D28CA539E006754E3 /* Release */,
			);
			defaultConfigurationIsVisible = 0;
			defaultConfigurationName = Release;
		};
/* End XCConfigurationList section */
	};
	rootObject = F212392528CA539C006754E3 /* Project object */;
}
