// !$*UTF8*$!
{
	archiveVersion = 1;
	classes = {
	};
	objectVersion = 56;
	objects = {

/* Begin PBXBuildFile section */
		451B5AA5294075C7005DCBCA /* AddStationView.swift in Sources */ = {isa = PBXBuildFile; fileRef = 451B5AA4294075C7005DCBCA /* AddStationView.swift */; };
		451B5AA7294078E4005DCBCA /* InvisibleNavigationLink+ViewModifier.swift in Sources */ = {isa = PBXBuildFile; fileRef = 451B5AA6294078E4005DCBCA /* InvisibleNavigationLink+ViewModifier.swift */; };
		452AA85328F69DA300F11BA5 /* LocationAuthorizationOnboardingView.swift in Sources */ = {isa = PBXBuildFile; fileRef = 452AA85228F69DA300F11BA5 /* LocationAuthorizationOnboardingView.swift */; };
		4530A10D28F14BCD00F05AE3 /* HuntView+QuestionView.swift in Sources */ = {isa = PBXBuildFile; fileRef = 4530A10C28F14BCD00F05AE3 /* HuntView+QuestionView.swift */; };
		4532DB0728FA981500C32418 /* Localizable.strings in Resources */ = {isa = PBXBuildFile; fileRef = 4532DB0928FA981500C32418 /* Localizable.strings */; };
		4533508F28FC824400BC0AA0 /* AddLocationView+TriggerDistanceSlider.swift in Sources */ = {isa = PBXBuildFile; fileRef = 4533508E28FC824400BC0AA0 /* AddLocationView+TriggerDistanceSlider.swift */; };
		454E91E429571B2500A3BF25 /* RoundedBackground+ViewModifier.swift in Sources */ = {isa = PBXBuildFile; fileRef = 454E91E329571B2500A3BF25 /* RoundedBackground+ViewModifier.swift */; };
		454E91E629579D5D00A3BF25 /* Optional+BoundString.swift in Sources */ = {isa = PBXBuildFile; fileRef = 454E91E529579D5D00A3BF25 /* Optional+BoundString.swift */; };
		45513FAA28EAF2D90064A32E /* HuntListView.swift in Sources */ = {isa = PBXBuildFile; fileRef = 45513FA928EAF2D90064A32E /* HuntListView.swift */; };
		45513FB528EAFADD0064A32E /* AddHuntView.swift in Sources */ = {isa = PBXBuildFile; fileRef = 45513FB428EAFADD0064A32E /* AddHuntView.swift */; };
		45513FB928ECBDC10064A32E /* StationPickerRowView.swift in Sources */ = {isa = PBXBuildFile; fileRef = 45513FB828ECBDC10064A32E /* StationPickerRowView.swift */; };
		45513FBC28ECD2070064A32E /* HuntListRowView.swift in Sources */ = {isa = PBXBuildFile; fileRef = 45513FBB28ECD2070064A32E /* HuntListRowView.swift */; };
		45513FBE28ECD22C0064A32E /* HuntListDetailView.swift in Sources */ = {isa = PBXBuildFile; fileRef = 45513FBD28ECD22C0064A32E /* HuntListDetailView.swift */; };
		45513FC128ED69130064A32E /* StationAnnotationView.swift in Sources */ = {isa = PBXBuildFile; fileRef = 45513FC028ED69130064A32E /* StationAnnotationView.swift */; };
		4574F37A29476B2C007963CC /* CLLocationDistance+Extension.swift in Sources */ = {isa = PBXBuildFile; fileRef = 4574F37929476B2C007963CC /* CLLocationDistance+Extension.swift */; };
		4574F37C29478357007963CC /* HuntListDetailView+StationsList.swift in Sources */ = {isa = PBXBuildFile; fileRef = 4574F37B29478357007963CC /* HuntListDetailView+StationsList.swift */; };
		457B6182294B2E1E005F3535 /* HuntView+IntroductionView.swift in Sources */ = {isa = PBXBuildFile; fileRef = 457B6181294B2E1E005F3535 /* HuntView+IntroductionView.swift */; };
		457C2D532928176A0051FDD6 /* SuccessPopover+ViewModifier.swift in Sources */ = {isa = PBXBuildFile; fileRef = 457C2D522928176A0051FDD6 /* SuccessPopover+ViewModifier.swift */; };
		457C2D55292818310051FDD6 /* AnimatedCheckmark.swift in Sources */ = {isa = PBXBuildFile; fileRef = 457C2D54292818310051FDD6 /* AnimatedCheckmark.swift */; };
		4587B6D328F383C900F10ED8 /* THLocationModelService.swift in Sources */ = {isa = PBXBuildFile; fileRef = 4587B6D228F383C900F10ED8 /* THLocationModelService.swift */; };
		458BE2B3293CA83A00869ADF /* PersistenceController.swift in Sources */ = {isa = PBXBuildFile; fileRef = 458BE2B2293CA83A00869ADF /* PersistenceController.swift */; };
		458BE2B6293CA86000869ADF /* TreasureHunt.xcdatamodeld in Sources */ = {isa = PBXBuildFile; fileRef = 458BE2B4293CA86000869ADF /* TreasureHunt.xcdatamodeld */; };
		458BE2BD293CA9DE00869ADF /* THLocation+CoreDataClass.swift in Sources */ = {isa = PBXBuildFile; fileRef = 458BE2B7293CA9DE00869ADF /* THLocation+CoreDataClass.swift */; };
		458BE2BE293CA9DE00869ADF /* THLocation+CoreDataProperties.swift in Sources */ = {isa = PBXBuildFile; fileRef = 458BE2B8293CA9DE00869ADF /* THLocation+CoreDataProperties.swift */; };
		458BE2BF293CA9DE00869ADF /* THHunt+CoreDataClass.swift in Sources */ = {isa = PBXBuildFile; fileRef = 458BE2B9293CA9DE00869ADF /* THHunt+CoreDataClass.swift */; };
		458BE2C0293CA9DE00869ADF /* THHunt+CoreDataProperties.swift in Sources */ = {isa = PBXBuildFile; fileRef = 458BE2BA293CA9DE00869ADF /* THHunt+CoreDataProperties.swift */; };
		458BE2C1293CA9DE00869ADF /* THStation+CoreDataClass.swift in Sources */ = {isa = PBXBuildFile; fileRef = 458BE2BB293CA9DE00869ADF /* THStation+CoreDataClass.swift */; };
		458BE2C2293CA9DE00869ADF /* THStation+CoreDataProperties.swift in Sources */ = {isa = PBXBuildFile; fileRef = 458BE2BC293CA9DE00869ADF /* THStation+CoreDataProperties.swift */; };
		458F1B4E2944A7E300525EBC /* NSManagedObject+Extension.swift in Sources */ = {isa = PBXBuildFile; fileRef = 458F1B4D2944A7E300525EBC /* NSManagedObject+Extension.swift */; };
		458F90E528EAACB300F9BE29 /* HapticsManager.swift in Sources */ = {isa = PBXBuildFile; fileRef = 458F90E428EAACB300F9BE29 /* HapticsManager.swift */; };
		458F90E728EAAEB200F9BE29 /* UserDefaults+Keys.swift in Sources */ = {isa = PBXBuildFile; fileRef = 458F90E628EAAEB200F9BE29 /* UserDefaults+Keys.swift */; };
		458F90E928EAB15500F9BE29 /* Double+Extension.swift in Sources */ = {isa = PBXBuildFile; fileRef = 458F90E828EAB15500F9BE29 /* Double+Extension.swift */; };
		45916496292AA9E800037F44 /* THNumberedCircle.swift in Sources */ = {isa = PBXBuildFile; fileRef = 45916495292AA9E800037F44 /* THNumberedCircle.swift */; };
		45A1A5072951BD1600E43E2B /* DirectionDistanceView+NotNearStationView.swift in Sources */ = {isa = PBXBuildFile; fileRef = 45A1A5062951BD1600E43E2B /* DirectionDistanceView+NotNearStationView.swift */; };
		45A1A50A2951BDC700E43E2B /* DirectionDistanceView+NearStationView.swift in Sources */ = {isa = PBXBuildFile; fileRef = 45A1A5092951BDC700E43E2B /* DirectionDistanceView+NearStationView.swift */; };
		45A72110295078B20068DAF7 /* HuntView+BackgroundMap.swift in Sources */ = {isa = PBXBuildFile; fileRef = 45A7210F295078B20068DAF7 /* HuntView+BackgroundMap.swift */; };
		45A77A0629599A8E002C88B9 /* EmptyState+ViewModifier.swift in Sources */ = {isa = PBXBuildFile; fileRef = 45A77A0529599A8E002C88B9 /* EmptyState+ViewModifier.swift */; };
		45A8CEE728EA228500F19E67 /* HuntViewModel.swift in Sources */ = {isa = PBXBuildFile; fileRef = 45A8CEE628EA228500F19E67 /* HuntViewModel.swift */; };
		45ABD0B9290AA9CF0010E1EF /* L10n.swift in Sources */ = {isa = PBXBuildFile; fileRef = 45ABD0B8290AA9CF0010E1EF /* L10n.swift */; };
		45ABD0BC290AAD230010E1EF /* Localizable.stringsdict in Resources */ = {isa = PBXBuildFile; fileRef = 45ABD0BE290AAD230010E1EF /* Localizable.stringsdict */; };
		45B0DF9C2946476A002942F0 /* THStationModelService.swift in Sources */ = {isa = PBXBuildFile; fileRef = 45B0DF9B2946476A002942F0 /* THStationModelService.swift */; };
		45B0DF9E2947677E002942F0 /* HuntListDetailView+IntroductionView.swift in Sources */ = {isa = PBXBuildFile; fileRef = 45B0DF9D2947677E002942F0 /* HuntListDetailView+IntroductionView.swift */; };
		45B0DFA0294767C1002942F0 /* HuntListDetailView+OutlineView.swift in Sources */ = {isa = PBXBuildFile; fileRef = 45B0DF9F294767C1002942F0 /* HuntListDetailView+OutlineView.swift */; };
		45B7EFE528F4BCC6006AE0FB /* SoundType.swift in Sources */ = {isa = PBXBuildFile; fileRef = 45B7EFE428F4BCC6006AE0FB /* SoundType.swift */; };
		45B7EFEB28F4BDE1006AE0FB /* error.wav in Resources */ = {isa = PBXBuildFile; fileRef = 45B7EFE928F4BDE1006AE0FB /* error.wav */; };
		45B7EFEC28F4BDE1006AE0FB /* success.wav in Resources */ = {isa = PBXBuildFile; fileRef = 45B7EFEA28F4BDE1006AE0FB /* success.wav */; };
		45D56EEC28F3F06A0008BC3A /* THHuntModelService.swift in Sources */ = {isa = PBXBuildFile; fileRef = 45D56EEB28F3F06A0008BC3A /* THHuntModelService.swift */; };
		45DC5FCB292B7A5C00860167 /* AnyTransition+PageTransition.swift in Sources */ = {isa = PBXBuildFile; fileRef = 45DC5FCA292B7A5C00860167 /* AnyTransition+PageTransition.swift */; };
		45E188C728F5451700A055BD /* AudioPlayer.swift in Sources */ = {isa = PBXBuildFile; fileRef = 45E188C628F5451700A055BD /* AudioPlayer.swift */; };
		45EDD3FD29297F1300C8EF86 /* AddHuntView+NamePage.swift in Sources */ = {isa = PBXBuildFile; fileRef = 45EDD3FC29297F1300C8EF86 /* AddHuntView+NamePage.swift */; };
		45EDD3FF29297F2600C8EF86 /* AddHuntView+StationsPicker.swift in Sources */ = {isa = PBXBuildFile; fileRef = 45EDD3FE29297F2600C8EF86 /* AddHuntView+StationsPicker.swift */; };
		45EDD40129297F5600C8EF86 /* AddHuntView+IntroductionPage.swift in Sources */ = {isa = PBXBuildFile; fileRef = 45EDD40029297F5600C8EF86 /* AddHuntView+IntroductionPage.swift */; };
		45EDD40329297F9600C8EF86 /* AddHuntView+OutroPage.swift in Sources */ = {isa = PBXBuildFile; fileRef = 45EDD40229297F9600C8EF86 /* AddHuntView+OutroPage.swift */; };
		45EDD405292A2BAA00C8EF86 /* DisableAnimation+ViewModifier.swift in Sources */ = {isa = PBXBuildFile; fileRef = 45EDD404292A2BAA00C8EF86 /* DisableAnimation+ViewModifier.swift */; };
		45EDD407292A450600C8EF86 /* AddHuntView+PageSelection.swift in Sources */ = {isa = PBXBuildFile; fileRef = 45EDD406292A450600C8EF86 /* AddHuntView+PageSelection.swift */; };
		45EDD409292A9CE600C8EF86 /* THToggle.swift in Sources */ = {isa = PBXBuildFile; fileRef = 45EDD408292A9CE600C8EF86 /* THToggle.swift */; };
		45F4B53D293BCB72001BD47C /* AddHuntViewModel.swift in Sources */ = {isa = PBXBuildFile; fileRef = 45F4B53C293BCB72001BD47C /* AddHuntViewModel.swift */; };
		45F4B53F293BD895001BD47C /* LazyView.swift in Sources */ = {isa = PBXBuildFile; fileRef = 45F4B53E293BD895001BD47C /* LazyView.swift */; };
		45F99CDF290BD36C0050AC6F /* LegalNoticeView.swift in Sources */ = {isa = PBXBuildFile; fileRef = 45F99CDE290BD36C0050AC6F /* LegalNoticeView.swift */; };
		45F99CE1290BD3B30050AC6F /* AboutView.swift in Sources */ = {isa = PBXBuildFile; fileRef = 45F99CE0290BD3B30050AC6F /* AboutView.swift */; };
		45F99CE3290BD3CE0050AC6F /* Constants.swift in Sources */ = {isa = PBXBuildFile; fileRef = 45F99CE2290BD3CE0050AC6F /* Constants.swift */; };
		45F99CE5290BFFBF0050AC6F /* HuntListDetailView+StationRowView.swift in Sources */ = {isa = PBXBuildFile; fileRef = 45F99CE4290BFFBF0050AC6F /* HuntListDetailView+StationRowView.swift */; };
		45F99CEA290C6F5F0050AC6F /* ReadSize+ViewModifier.swift in Sources */ = {isa = PBXBuildFile; fileRef = 45F99CE9290C6F5F0050AC6F /* ReadSize+ViewModifier.swift */; };
		45FA5B522954664B00A02411 /* HuntView+OutlineView.swift in Sources */ = {isa = PBXBuildFile; fileRef = 45FA5B512954664B00A02411 /* HuntView+OutlineView.swift */; };
		45FA5B54295467C400A02411 /* GradientBackground-ViewModifier.swift in Sources */ = {isa = PBXBuildFile; fileRef = 45FA5B53295467C400A02411 /* GradientBackground-ViewModifier.swift */; };
		8A1CBD7628E36EC300E0AE4B /* TrafficWarningView.swift in Sources */ = {isa = PBXBuildFile; fileRef = 8A1CBD7528E36EC300E0AE4B /* TrafficWarningView.swift */; };
		8A1CBD7828E3795300E0AE4B /* Color+Extension.swift in Sources */ = {isa = PBXBuildFile; fileRef = 8A1CBD7728E3795300E0AE4B /* Color+Extension.swift */; };
		8A4C4F8F28E1C0E100721C50 /* MainTabView.swift in Sources */ = {isa = PBXBuildFile; fileRef = 8A4C4F8E28E1C0E100721C50 /* MainTabView.swift */; };
		8A4C4F9128E1C0F100721C50 /* SettingsView.swift in Sources */ = {isa = PBXBuildFile; fileRef = 8A4C4F9028E1C0F100721C50 /* SettingsView.swift */; };
		8A4C4F9428E1D9BB00721C50 /* Array+Extension.swift in Sources */ = {isa = PBXBuildFile; fileRef = 8A4C4F9328E1D9BB00721C50 /* Array+Extension.swift */; };
		8A4C4F9828E1FBFE00721C50 /* RoundedNavigationTitle-ViewModifier.swift in Sources */ = {isa = PBXBuildFile; fileRef = 8A4C4F9728E1FBFE00721C50 /* RoundedNavigationTitle-ViewModifier.swift */; };
		8A4C4F9B28E207C200721C50 /* AppearanceManager.swift in Sources */ = {isa = PBXBuildFile; fileRef = 8A4C4F9A28E207C200721C50 /* AppearanceManager.swift */; };
		8A4C4F9D28E2083500721C50 /* AppearancePicker.swift in Sources */ = {isa = PBXBuildFile; fileRef = 8A4C4F9C28E2083500721C50 /* AppearancePicker.swift */; };
		8A4C4FA328E20FB100721C50 /* ArrowIconPicker.swift in Sources */ = {isa = PBXBuildFile; fileRef = 8A4C4FA228E20FB100721C50 /* ArrowIconPicker.swift */; };
		8A52024A28E0A21900C49779 /* AddLocationView.swift in Sources */ = {isa = PBXBuildFile; fileRef = 8A52024428E0A21900C49779 /* AddLocationView.swift */; };
		8A52024C28E0A21900C49779 /* DirectionView.swift in Sources */ = {isa = PBXBuildFile; fileRef = 8A52024628E0A21900C49779 /* DirectionView.swift */; };
		8A52024D28E0A21900C49779 /* LocationsListView.swift in Sources */ = {isa = PBXBuildFile; fileRef = 8A52024728E0A21900C49779 /* LocationsListView.swift */; };
		8A52024E28E0A21900C49779 /* HuntView.swift in Sources */ = {isa = PBXBuildFile; fileRef = 8A52024928E0A21900C49779 /* HuntView.swift */; };
		8A52025328E0A23200C49779 /* Button+PressActionsModifier.swift in Sources */ = {isa = PBXBuildFile; fileRef = 8A52025128E0A23200C49779 /* Button+PressActionsModifier.swift */; };
		8AD1768928E0AE0C00A12948 /* Button+Extension.swift in Sources */ = {isa = PBXBuildFile; fileRef = 8AD1768828E0AE0C00A12948 /* Button+Extension.swift */; };
		8AD1768B28E0C58200A12948 /* HuntManager.swift in Sources */ = {isa = PBXBuildFile; fileRef = 8AD1768A28E0C58200A12948 /* HuntManager.swift */; };
		8AD1768E28E0F14600A12948 /* LocationsListRowView.swift in Sources */ = {isa = PBXBuildFile; fileRef = 8AD1768D28E0F14600A12948 /* LocationsListRowView.swift */; };
		8AFCFF3928E225ED000D1A0B /* MapView.swift in Sources */ = {isa = PBXBuildFile; fileRef = 8AFCFF3828E225ED000D1A0B /* MapView.swift */; };
		F212393128CA539C006754E3 /* TreasureHuntApp.swift in Sources */ = {isa = PBXBuildFile; fileRef = F212393028CA539C006754E3 /* TreasureHuntApp.swift */; };
		F212393528CA539E006754E3 /* Assets.xcassets in Resources */ = {isa = PBXBuildFile; fileRef = F212393428CA539E006754E3 /* Assets.xcassets */; };
		F212393828CA539E006754E3 /* Preview Assets.xcassets in Resources */ = {isa = PBXBuildFile; fileRef = F212393728CA539E006754E3 /* Preview Assets.xcassets */; };
		F2A056A528DB7957007D7FFF /* LocationProvider.swift in Sources */ = {isa = PBXBuildFile; fileRef = F2A056A428DB7957007D7FFF /* LocationProvider.swift */; };
		F2A056A728DB7983007D7FFF /* CLLocationCoordinate2D+Extension.swift in Sources */ = {isa = PBXBuildFile; fileRef = F2A056A628DB7983007D7FFF /* CLLocationCoordinate2D+Extension.swift */; };
/* End PBXBuildFile section */

/* Begin PBXFileReference section */
		451B5AA4294075C7005DCBCA /* AddStationView.swift */ = {isa = PBXFileReference; lastKnownFileType = sourcecode.swift; path = AddStationView.swift; sourceTree = "<group>"; };
		451B5AA6294078E4005DCBCA /* InvisibleNavigationLink+ViewModifier.swift */ = {isa = PBXFileReference; lastKnownFileType = sourcecode.swift; path = "InvisibleNavigationLink+ViewModifier.swift"; sourceTree = "<group>"; };
		452AA85228F69DA300F11BA5 /* LocationAuthorizationOnboardingView.swift */ = {isa = PBXFileReference; fileEncoding = 4; lastKnownFileType = sourcecode.swift; path = LocationAuthorizationOnboardingView.swift; sourceTree = "<group>"; };
		4530A10C28F14BCD00F05AE3 /* HuntView+QuestionView.swift */ = {isa = PBXFileReference; fileEncoding = 4; lastKnownFileType = sourcecode.swift; path = "HuntView+QuestionView.swift"; sourceTree = "<group>"; };
		4532DB0828FA981500C32418 /* en */ = {isa = PBXFileReference; lastKnownFileType = text.plist.strings; name = en; path = en.lproj/Localizable.strings; sourceTree = "<group>"; };
		4533508E28FC824400BC0AA0 /* AddLocationView+TriggerDistanceSlider.swift */ = {isa = PBXFileReference; lastKnownFileType = sourcecode.swift; path = "AddLocationView+TriggerDistanceSlider.swift"; sourceTree = "<group>"; };
		454E91E329571B2500A3BF25 /* RoundedBackground+ViewModifier.swift */ = {isa = PBXFileReference; lastKnownFileType = sourcecode.swift; path = "RoundedBackground+ViewModifier.swift"; sourceTree = "<group>"; };
		454E91E529579D5D00A3BF25 /* Optional+BoundString.swift */ = {isa = PBXFileReference; lastKnownFileType = sourcecode.swift; path = "Optional+BoundString.swift"; sourceTree = "<group>"; };
		45513FA928EAF2D90064A32E /* HuntListView.swift */ = {isa = PBXFileReference; lastKnownFileType = sourcecode.swift; path = HuntListView.swift; sourceTree = "<group>"; };
		45513FB428EAFADD0064A32E /* AddHuntView.swift */ = {isa = PBXFileReference; lastKnownFileType = sourcecode.swift; path = AddHuntView.swift; sourceTree = "<group>"; };
		45513FB828ECBDC10064A32E /* StationPickerRowView.swift */ = {isa = PBXFileReference; lastKnownFileType = sourcecode.swift; path = StationPickerRowView.swift; sourceTree = "<group>"; };
		45513FBB28ECD2070064A32E /* HuntListRowView.swift */ = {isa = PBXFileReference; lastKnownFileType = sourcecode.swift; path = HuntListRowView.swift; sourceTree = "<group>"; };
		45513FBD28ECD22C0064A32E /* HuntListDetailView.swift */ = {isa = PBXFileReference; lastKnownFileType = sourcecode.swift; path = HuntListDetailView.swift; sourceTree = "<group>"; };
		45513FC028ED69130064A32E /* StationAnnotationView.swift */ = {isa = PBXFileReference; lastKnownFileType = sourcecode.swift; path = StationAnnotationView.swift; sourceTree = "<group>"; };
		4574F37929476B2C007963CC /* CLLocationDistance+Extension.swift */ = {isa = PBXFileReference; lastKnownFileType = sourcecode.swift; name = "CLLocationDistance+Extension.swift"; path = "TreasureHunt/Extensions/CLLocationDistance+Extension.swift"; sourceTree = SOURCE_ROOT; };
		4574F37B29478357007963CC /* HuntListDetailView+StationsList.swift */ = {isa = PBXFileReference; lastKnownFileType = sourcecode.swift; path = "HuntListDetailView+StationsList.swift"; sourceTree = "<group>"; };
		457B6181294B2E1E005F3535 /* HuntView+IntroductionView.swift */ = {isa = PBXFileReference; lastKnownFileType = sourcecode.swift; path = "HuntView+IntroductionView.swift"; sourceTree = "<group>"; };
		457C2D522928176A0051FDD6 /* SuccessPopover+ViewModifier.swift */ = {isa = PBXFileReference; fileEncoding = 4; lastKnownFileType = sourcecode.swift; path = "SuccessPopover+ViewModifier.swift"; sourceTree = "<group>"; };
		457C2D54292818310051FDD6 /* AnimatedCheckmark.swift */ = {isa = PBXFileReference; fileEncoding = 4; lastKnownFileType = sourcecode.swift; path = AnimatedCheckmark.swift; sourceTree = "<group>"; };
		4587B6D228F383C900F10ED8 /* THLocationModelService.swift */ = {isa = PBXFileReference; lastKnownFileType = sourcecode.swift; path = THLocationModelService.swift; sourceTree = "<group>"; };
		458BE2B2293CA83A00869ADF /* PersistenceController.swift */ = {isa = PBXFileReference; fileEncoding = 4; lastKnownFileType = sourcecode.swift; path = PersistenceController.swift; sourceTree = "<group>"; };
		458BE2B5293CA86000869ADF /* TreasureHunt.xcdatamodel */ = {isa = PBXFileReference; lastKnownFileType = wrapper.xcdatamodel; path = TreasureHunt.xcdatamodel; sourceTree = "<group>"; };
		458BE2B7293CA9DE00869ADF /* THLocation+CoreDataClass.swift */ = {isa = PBXFileReference; lastKnownFileType = sourcecode.swift; path = "THLocation+CoreDataClass.swift"; sourceTree = "<group>"; };
		458BE2B8293CA9DE00869ADF /* THLocation+CoreDataProperties.swift */ = {isa = PBXFileReference; lastKnownFileType = sourcecode.swift; path = "THLocation+CoreDataProperties.swift"; sourceTree = "<group>"; };
		458BE2B9293CA9DE00869ADF /* THHunt+CoreDataClass.swift */ = {isa = PBXFileReference; lastKnownFileType = sourcecode.swift; path = "THHunt+CoreDataClass.swift"; sourceTree = "<group>"; };
		458BE2BA293CA9DE00869ADF /* THHunt+CoreDataProperties.swift */ = {isa = PBXFileReference; lastKnownFileType = sourcecode.swift; path = "THHunt+CoreDataProperties.swift"; sourceTree = "<group>"; };
		458BE2BB293CA9DE00869ADF /* THStation+CoreDataClass.swift */ = {isa = PBXFileReference; lastKnownFileType = sourcecode.swift; path = "THStation+CoreDataClass.swift"; sourceTree = "<group>"; };
		458BE2BC293CA9DE00869ADF /* THStation+CoreDataProperties.swift */ = {isa = PBXFileReference; lastKnownFileType = sourcecode.swift; path = "THStation+CoreDataProperties.swift"; sourceTree = "<group>"; };
		458F1B4D2944A7E300525EBC /* NSManagedObject+Extension.swift */ = {isa = PBXFileReference; lastKnownFileType = sourcecode.swift; path = "NSManagedObject+Extension.swift"; sourceTree = "<group>"; };
		458F90E428EAACB300F9BE29 /* HapticsManager.swift */ = {isa = PBXFileReference; fileEncoding = 4; lastKnownFileType = sourcecode.swift; path = HapticsManager.swift; sourceTree = "<group>"; };
		458F90E628EAAEB200F9BE29 /* UserDefaults+Keys.swift */ = {isa = PBXFileReference; lastKnownFileType = sourcecode.swift; path = "UserDefaults+Keys.swift"; sourceTree = "<group>"; };
		458F90E828EAB15500F9BE29 /* Double+Extension.swift */ = {isa = PBXFileReference; lastKnownFileType = sourcecode.swift; path = "Double+Extension.swift"; sourceTree = "<group>"; };
		45916495292AA9E800037F44 /* THNumberedCircle.swift */ = {isa = PBXFileReference; lastKnownFileType = sourcecode.swift; path = THNumberedCircle.swift; sourceTree = "<group>"; };
		45A1A5062951BD1600E43E2B /* DirectionDistanceView+NotNearStationView.swift */ = {isa = PBXFileReference; lastKnownFileType = sourcecode.swift; path = "DirectionDistanceView+NotNearStationView.swift"; sourceTree = "<group>"; };
		45A1A5092951BDC700E43E2B /* DirectionDistanceView+NearStationView.swift */ = {isa = PBXFileReference; lastKnownFileType = sourcecode.swift; path = "DirectionDistanceView+NearStationView.swift"; sourceTree = "<group>"; };
		45A7210F295078B20068DAF7 /* HuntView+BackgroundMap.swift */ = {isa = PBXFileReference; lastKnownFileType = sourcecode.swift; path = "HuntView+BackgroundMap.swift"; sourceTree = "<group>"; };
		45A77A0529599A8E002C88B9 /* EmptyState+ViewModifier.swift */ = {isa = PBXFileReference; lastKnownFileType = sourcecode.swift; path = "EmptyState+ViewModifier.swift"; sourceTree = "<group>"; };
		45A8CEE628EA228500F19E67 /* HuntViewModel.swift */ = {isa = PBXFileReference; lastKnownFileType = sourcecode.swift; path = HuntViewModel.swift; sourceTree = "<group>"; };
		45ABD0B5290AA6630010E1EF /* de */ = {isa = PBXFileReference; lastKnownFileType = text.plist.strings; name = de; path = de.lproj/Localizable.strings; sourceTree = "<group>"; };
		45ABD0B8290AA9CF0010E1EF /* L10n.swift */ = {isa = PBXFileReference; fileEncoding = 4; lastKnownFileType = sourcecode.swift; path = L10n.swift; sourceTree = "<group>"; };
		45ABD0BD290AAD230010E1EF /* en */ = {isa = PBXFileReference; lastKnownFileType = text.plist.stringsdict; name = en; path = en.lproj/Localizable.stringsdict; sourceTree = "<group>"; };
		45ABD0BF290AAD250010E1EF /* de */ = {isa = PBXFileReference; lastKnownFileType = text.plist.stringsdict; name = de; path = de.lproj/Localizable.stringsdict; sourceTree = "<group>"; };
		45B0DF9B2946476A002942F0 /* THStationModelService.swift */ = {isa = PBXFileReference; lastKnownFileType = sourcecode.swift; path = THStationModelService.swift; sourceTree = "<group>"; };
		45B0DF9D2947677E002942F0 /* HuntListDetailView+IntroductionView.swift */ = {isa = PBXFileReference; lastKnownFileType = sourcecode.swift; path = "HuntListDetailView+IntroductionView.swift"; sourceTree = "<group>"; };
		45B0DF9F294767C1002942F0 /* HuntListDetailView+OutlineView.swift */ = {isa = PBXFileReference; lastKnownFileType = sourcecode.swift; path = "HuntListDetailView+OutlineView.swift"; sourceTree = "<group>"; };
		45B7EFE428F4BCC6006AE0FB /* SoundType.swift */ = {isa = PBXFileReference; lastKnownFileType = sourcecode.swift; path = SoundType.swift; sourceTree = "<group>"; };
		45B7EFE928F4BDE1006AE0FB /* error.wav */ = {isa = PBXFileReference; lastKnownFileType = audio.wav; path = error.wav; sourceTree = "<group>"; };
		45B7EFEA28F4BDE1006AE0FB /* success.wav */ = {isa = PBXFileReference; lastKnownFileType = audio.wav; path = success.wav; sourceTree = "<group>"; };
		45D56EEB28F3F06A0008BC3A /* THHuntModelService.swift */ = {isa = PBXFileReference; lastKnownFileType = sourcecode.swift; path = THHuntModelService.swift; sourceTree = "<group>"; };
		45DC5FCA292B7A5C00860167 /* AnyTransition+PageTransition.swift */ = {isa = PBXFileReference; lastKnownFileType = sourcecode.swift; path = "AnyTransition+PageTransition.swift"; sourceTree = "<group>"; };
		45E188C628F5451700A055BD /* AudioPlayer.swift */ = {isa = PBXFileReference; lastKnownFileType = sourcecode.swift; path = AudioPlayer.swift; sourceTree = "<group>"; };
		45EDD3FC29297F1300C8EF86 /* AddHuntView+NamePage.swift */ = {isa = PBXFileReference; lastKnownFileType = sourcecode.swift; path = "AddHuntView+NamePage.swift"; sourceTree = "<group>"; };
		45EDD3FE29297F2600C8EF86 /* AddHuntView+StationsPicker.swift */ = {isa = PBXFileReference; lastKnownFileType = sourcecode.swift; path = "AddHuntView+StationsPicker.swift"; sourceTree = "<group>"; };
		45EDD40029297F5600C8EF86 /* AddHuntView+IntroductionPage.swift */ = {isa = PBXFileReference; lastKnownFileType = sourcecode.swift; path = "AddHuntView+IntroductionPage.swift"; sourceTree = "<group>"; };
		45EDD40229297F9600C8EF86 /* AddHuntView+OutroPage.swift */ = {isa = PBXFileReference; lastKnownFileType = sourcecode.swift; path = "AddHuntView+OutroPage.swift"; sourceTree = "<group>"; };
		45EDD404292A2BAA00C8EF86 /* DisableAnimation+ViewModifier.swift */ = {isa = PBXFileReference; fileEncoding = 4; lastKnownFileType = sourcecode.swift; path = "DisableAnimation+ViewModifier.swift"; sourceTree = "<group>"; };
		45EDD406292A450600C8EF86 /* AddHuntView+PageSelection.swift */ = {isa = PBXFileReference; lastKnownFileType = sourcecode.swift; path = "AddHuntView+PageSelection.swift"; sourceTree = "<group>"; };
		45EDD408292A9CE600C8EF86 /* THToggle.swift */ = {isa = PBXFileReference; lastKnownFileType = sourcecode.swift; path = THToggle.swift; sourceTree = "<group>"; };
		45F4B53C293BCB72001BD47C /* AddHuntViewModel.swift */ = {isa = PBXFileReference; lastKnownFileType = sourcecode.swift; path = AddHuntViewModel.swift; sourceTree = "<group>"; };
		45F4B53E293BD895001BD47C /* LazyView.swift */ = {isa = PBXFileReference; lastKnownFileType = sourcecode.swift; path = LazyView.swift; sourceTree = "<group>"; };
		45F99CDE290BD36C0050AC6F /* LegalNoticeView.swift */ = {isa = PBXFileReference; fileEncoding = 4; lastKnownFileType = sourcecode.swift; path = LegalNoticeView.swift; sourceTree = "<group>"; };
		45F99CE0290BD3B30050AC6F /* AboutView.swift */ = {isa = PBXFileReference; fileEncoding = 4; lastKnownFileType = sourcecode.swift; path = AboutView.swift; sourceTree = "<group>"; };
		45F99CE2290BD3CE0050AC6F /* Constants.swift */ = {isa = PBXFileReference; lastKnownFileType = sourcecode.swift; path = Constants.swift; sourceTree = "<group>"; };
		45F99CE4290BFFBF0050AC6F /* HuntListDetailView+StationRowView.swift */ = {isa = PBXFileReference; lastKnownFileType = sourcecode.swift; path = "HuntListDetailView+StationRowView.swift"; sourceTree = "<group>"; };
		45F99CE9290C6F5F0050AC6F /* ReadSize+ViewModifier.swift */ = {isa = PBXFileReference; lastKnownFileType = sourcecode.swift; path = "ReadSize+ViewModifier.swift"; sourceTree = "<group>"; };
		45FA5B512954664B00A02411 /* HuntView+OutlineView.swift */ = {isa = PBXFileReference; lastKnownFileType = sourcecode.swift; path = "HuntView+OutlineView.swift"; sourceTree = "<group>"; };
		45FA5B53295467C400A02411 /* GradientBackground-ViewModifier.swift */ = {isa = PBXFileReference; fileEncoding = 4; lastKnownFileType = sourcecode.swift; path = "GradientBackground-ViewModifier.swift"; sourceTree = "<group>"; };
		8A1CBD7528E36EC300E0AE4B /* TrafficWarningView.swift */ = {isa = PBXFileReference; lastKnownFileType = sourcecode.swift; path = TrafficWarningView.swift; sourceTree = "<group>"; };
		8A1CBD7728E3795300E0AE4B /* Color+Extension.swift */ = {isa = PBXFileReference; lastKnownFileType = sourcecode.swift; path = "Color+Extension.swift"; sourceTree = "<group>"; };
		8A4C4F8E28E1C0E100721C50 /* MainTabView.swift */ = {isa = PBXFileReference; lastKnownFileType = sourcecode.swift; path = MainTabView.swift; sourceTree = "<group>"; };
		8A4C4F9028E1C0F100721C50 /* SettingsView.swift */ = {isa = PBXFileReference; lastKnownFileType = sourcecode.swift; path = SettingsView.swift; sourceTree = "<group>"; };
		8A4C4F9328E1D9BB00721C50 /* Array+Extension.swift */ = {isa = PBXFileReference; lastKnownFileType = sourcecode.swift; path = "Array+Extension.swift"; sourceTree = "<group>"; };
		8A4C4F9728E1FBFE00721C50 /* RoundedNavigationTitle-ViewModifier.swift */ = {isa = PBXFileReference; fileEncoding = 4; lastKnownFileType = sourcecode.swift; path = "RoundedNavigationTitle-ViewModifier.swift"; sourceTree = "<group>"; };
		8A4C4F9A28E207C200721C50 /* AppearanceManager.swift */ = {isa = PBXFileReference; fileEncoding = 4; lastKnownFileType = sourcecode.swift; path = AppearanceManager.swift; sourceTree = "<group>"; };
		8A4C4F9C28E2083500721C50 /* AppearancePicker.swift */ = {isa = PBXFileReference; indentWidth = 1; lastKnownFileType = sourcecode.swift; path = AppearancePicker.swift; sourceTree = "<group>"; };
		8A4C4FA228E20FB100721C50 /* ArrowIconPicker.swift */ = {isa = PBXFileReference; fileEncoding = 4; lastKnownFileType = sourcecode.swift; path = ArrowIconPicker.swift; sourceTree = "<group>"; };
		8A52024428E0A21900C49779 /* AddLocationView.swift */ = {isa = PBXFileReference; fileEncoding = 4; lastKnownFileType = sourcecode.swift; path = AddLocationView.swift; sourceTree = "<group>"; };
		8A52024628E0A21900C49779 /* DirectionView.swift */ = {isa = PBXFileReference; fileEncoding = 4; lastKnownFileType = sourcecode.swift; path = DirectionView.swift; sourceTree = "<group>"; };
		8A52024728E0A21900C49779 /* LocationsListView.swift */ = {isa = PBXFileReference; fileEncoding = 4; lastKnownFileType = sourcecode.swift; path = LocationsListView.swift; sourceTree = "<group>"; };
		8A52024928E0A21900C49779 /* HuntView.swift */ = {isa = PBXFileReference; fileEncoding = 4; lastKnownFileType = sourcecode.swift; path = HuntView.swift; sourceTree = "<group>"; };
		8A52025128E0A23200C49779 /* Button+PressActionsModifier.swift */ = {isa = PBXFileReference; fileEncoding = 4; lastKnownFileType = sourcecode.swift; path = "Button+PressActionsModifier.swift"; sourceTree = "<group>"; };
		8AD1768828E0AE0C00A12948 /* Button+Extension.swift */ = {isa = PBXFileReference; fileEncoding = 4; lastKnownFileType = sourcecode.swift; path = "Button+Extension.swift"; sourceTree = "<group>"; };
		8AD1768A28E0C58200A12948 /* HuntManager.swift */ = {isa = PBXFileReference; lastKnownFileType = sourcecode.swift; path = HuntManager.swift; sourceTree = "<group>"; };
		8AD1768D28E0F14600A12948 /* LocationsListRowView.swift */ = {isa = PBXFileReference; lastKnownFileType = sourcecode.swift; path = LocationsListRowView.swift; sourceTree = "<group>"; };
		8AFCFF3828E225ED000D1A0B /* MapView.swift */ = {isa = PBXFileReference; lastKnownFileType = sourcecode.swift; path = MapView.swift; sourceTree = "<group>"; };
		F212392D28CA539C006754E3 /* TreasureHunt.app */ = {isa = PBXFileReference; explicitFileType = wrapper.application; includeInIndex = 0; path = TreasureHunt.app; sourceTree = BUILT_PRODUCTS_DIR; };
		F212393028CA539C006754E3 /* TreasureHuntApp.swift */ = {isa = PBXFileReference; lastKnownFileType = sourcecode.swift; path = TreasureHuntApp.swift; sourceTree = "<group>"; };
		F212393428CA539E006754E3 /* Assets.xcassets */ = {isa = PBXFileReference; lastKnownFileType = folder.assetcatalog; path = Assets.xcassets; sourceTree = "<group>"; };
		F212393728CA539E006754E3 /* Preview Assets.xcassets */ = {isa = PBXFileReference; lastKnownFileType = folder.assetcatalog; path = "Preview Assets.xcassets"; sourceTree = "<group>"; };
		F2A056A428DB7957007D7FFF /* LocationProvider.swift */ = {isa = PBXFileReference; lastKnownFileType = sourcecode.swift; path = LocationProvider.swift; sourceTree = "<group>"; };
		F2A056A628DB7983007D7FFF /* CLLocationCoordinate2D+Extension.swift */ = {isa = PBXFileReference; lastKnownFileType = sourcecode.swift; path = "CLLocationCoordinate2D+Extension.swift"; sourceTree = "<group>"; };
/* End PBXFileReference section */

/* Begin PBXFrameworksBuildPhase section */
		F212392A28CA539C006754E3 /* Frameworks */ = {
			isa = PBXFrameworksBuildPhase;
			buildActionMask = 2147483647;
			files = (
			);
			runOnlyForDeploymentPostprocessing = 0;
		};
/* End PBXFrameworksBuildPhase section */

/* Begin PBXGroup section */
		4532DB0A28FC81E600C32418 /* AddLocationView */ = {
			isa = PBXGroup;
			children = (
				8A52024428E0A21900C49779 /* AddLocationView.swift */,
				4533508E28FC824400BC0AA0 /* AddLocationView+TriggerDistanceSlider.swift */,
			);
			path = AddLocationView;
			sourceTree = "<group>";
		};
		45513FA828EAF2CD0064A32E /* HuntListView */ = {
			isa = PBXGroup;
			children = (
				45513FA928EAF2D90064A32E /* HuntListView.swift */,
				45513FBB28ECD2070064A32E /* HuntListRowView.swift */,
				45513FBF28ED68F20064A32E /* AddHuntView */,
				45F99CE6290BFFD00050AC6F /* HuntListDetailView */,
				8A52024828E0A21900C49779 /* HuntView */,
			);
			path = HuntListView;
			sourceTree = "<group>";
		};
		45513FB328EAF82A0064A32E /* LocationProvider */ = {
			isa = PBXGroup;
			children = (
				F2A056A428DB7957007D7FFF /* LocationProvider.swift */,
			);
			path = LocationProvider;
			sourceTree = "<group>";
		};
		45513FBA28ECBDC80064A32E /* StationPicker */ = {
			isa = PBXGroup;
			children = (
				45513FB828ECBDC10064A32E /* StationPickerRowView.swift */,
				451B5AA4294075C7005DCBCA /* AddStationView.swift */,
			);
			path = StationPicker;
			sourceTree = "<group>";
		};
		45513FBF28ED68F20064A32E /* AddHuntView */ = {
			isa = PBXGroup;
			children = (
				45513FB428EAFADD0064A32E /* AddHuntView.swift */,
				45EDD3FC29297F1300C8EF86 /* AddHuntView+NamePage.swift */,
				45EDD40029297F5600C8EF86 /* AddHuntView+IntroductionPage.swift */,
				45EDD3FE29297F2600C8EF86 /* AddHuntView+StationsPicker.swift */,
				45EDD40229297F9600C8EF86 /* AddHuntView+OutroPage.swift */,
				45EDD406292A450600C8EF86 /* AddHuntView+PageSelection.swift */,
				45F4B53C293BCB72001BD47C /* AddHuntViewModel.swift */,
				45513FBA28ECBDC80064A32E /* StationPicker */,
			);
			path = AddHuntView;
			sourceTree = "<group>";
		};
		457C2D56292818350051FDD6 /* SuccessPopover */ = {
			isa = PBXGroup;
			children = (
				457C2D522928176A0051FDD6 /* SuccessPopover+ViewModifier.swift */,
				457C2D54292818310051FDD6 /* AnimatedCheckmark.swift */,
			);
			path = SuccessPopover;
			sourceTree = "<group>";
		};
		4587B6C628F329FA00F10ED8 /* Resources */ = {
			isa = PBXGroup;
			children = (
				F212393428CA539E006754E3 /* Assets.xcassets */,
				45ABD0B8290AA9CF0010E1EF /* L10n.swift */,
				45ABD0BE290AAD230010E1EF /* Localizable.stringsdict */,
				4532DB0928FA981500C32418 /* Localizable.strings */,
				45B7EFE828F4BDE1006AE0FB /* Sounds */,
			);
			path = Resources;
			sourceTree = "<group>";
		};
		4587B6C728F32AED00F10ED8 /* OnboardingView */ = {
			isa = PBXGroup;
			children = (
				452AA85228F69DA300F11BA5 /* LocationAuthorizationOnboardingView.swift */,
			);
			path = OnboardingView;
			sourceTree = "<group>";
		};
		4587B6CF28F37BF800F10ED8 /* THStation */ = {
			isa = PBXGroup;
			children = (
				458BE2BB293CA9DE00869ADF /* THStation+CoreDataClass.swift */,
				458BE2BC293CA9DE00869ADF /* THStation+CoreDataProperties.swift */,
				45B0DF9B2946476A002942F0 /* THStationModelService.swift */,
			);
			path = THStation;
			sourceTree = "<group>";
		};
		458BE2A2293C88BE00869ADF /* Views */ = {
			isa = PBXGroup;
			children = (
				45EDD408292A9CE600C8EF86 /* THToggle.swift */,
				45F4B53E293BD895001BD47C /* LazyView.swift */,
				45916495292AA9E800037F44 /* THNumberedCircle.swift */,
			);
			path = Views;
			sourceTree = "<group>";
		};
		458BE2A6293C8C7600869ADF /* Persistence */ = {
			isa = PBXGroup;
			children = (
				458BE2B2293CA83A00869ADF /* PersistenceController.swift */,
				458BE2B4293CA86000869ADF /* TreasureHunt.xcdatamodeld */,
				458F1B4D2944A7E300525EBC /* NSManagedObject+Extension.swift */,
				F2A056B228DB99B9007D7FFF /* Models */,
			);
			path = Persistence;
			sourceTree = "<group>";
		};
		45A1A5082951BD1B00E43E2B /* DirectionDistanceView */ = {
			isa = PBXGroup;
			children = (
				8A52024628E0A21900C49779 /* DirectionView.swift */,
				45A1A5062951BD1600E43E2B /* DirectionDistanceView+NotNearStationView.swift */,
				45A1A5092951BDC700E43E2B /* DirectionDistanceView+NearStationView.swift */,
			);
			path = DirectionDistanceView;
			sourceTree = "<group>";
		};
		45B7EFE828F4BDE1006AE0FB /* Sounds */ = {
			isa = PBXGroup;
			children = (
				45B7EFE928F4BDE1006AE0FB /* error.wav */,
				45B7EFEA28F4BDE1006AE0FB /* success.wav */,
			);
			path = Sounds;
			sourceTree = "<group>";
		};
		45D56EE828F3ED860008BC3A /* THHunt */ = {
			isa = PBXGroup;
			children = (
				458BE2B9293CA9DE00869ADF /* THHunt+CoreDataClass.swift */,
				458BE2BA293CA9DE00869ADF /* THHunt+CoreDataProperties.swift */,
				45D56EEB28F3F06A0008BC3A /* THHuntModelService.swift */,
			);
			path = THHunt;
			sourceTree = "<group>";
		};
		45DC5FC9292B718100860167 /* THLocation */ = {
			isa = PBXGroup;
			children = (
				458BE2B7293CA9DE00869ADF /* THLocation+CoreDataClass.swift */,
				458BE2B8293CA9DE00869ADF /* THLocation+CoreDataProperties.swift */,
				4587B6D228F383C900F10ED8 /* THLocationModelService.swift */,
			);
			path = THLocation;
			sourceTree = "<group>";
		};
		45E188C828F545C300A055BD /* AudioPlayer */ = {
			isa = PBXGroup;
			children = (
				45E188C628F5451700A055BD /* AudioPlayer.swift */,
				45B7EFE428F4BCC6006AE0FB /* SoundType.swift */,
			);
			path = AudioPlayer;
			sourceTree = "<group>";
		};
		45F99CE6290BFFD00050AC6F /* HuntListDetailView */ = {
			isa = PBXGroup;
			children = (
				45513FBD28ECD22C0064A32E /* HuntListDetailView.swift */,
				45B0DF9D2947677E002942F0 /* HuntListDetailView+IntroductionView.swift */,
				4574F37B29478357007963CC /* HuntListDetailView+StationsList.swift */,
				45F99CE4290BFFBF0050AC6F /* HuntListDetailView+StationRowView.swift */,
				45B0DF9F294767C1002942F0 /* HuntListDetailView+OutlineView.swift */,
			);
			path = HuntListDetailView;
			sourceTree = "<group>";
		};
		8A4C4F9228E1C0F700721C50 /* SettingsView */ = {
			isa = PBXGroup;
			children = (
				8A4C4F9028E1C0F100721C50 /* SettingsView.swift */,
				45F99CE0290BD3B30050AC6F /* AboutView.swift */,
				45F99CE2290BD3CE0050AC6F /* Constants.swift */,
				45F99CDE290BD36C0050AC6F /* LegalNoticeView.swift */,
			);
			path = SettingsView;
			sourceTree = "<group>";
		};
		8A4C4F9928E207AA00721C50 /* Utils */ = {
			isa = PBXGroup;
			children = (
				458F90E428EAACB300F9BE29 /* HapticsManager.swift */,
				45E188C828F545C300A055BD /* AudioPlayer */,
				8A4C4F9F28E20CBA00721C50 /* ArrowIconManager */,
				8A4C4F9E28E2086300721C50 /* AppearanceManager */,
			);
			path = Utils;
			sourceTree = "<group>";
		};
		8A4C4F9E28E2086300721C50 /* AppearanceManager */ = {
			isa = PBXGroup;
			children = (
				8A4C4F9A28E207C200721C50 /* AppearanceManager.swift */,
				8A4C4F9C28E2083500721C50 /* AppearancePicker.swift */,
			);
			path = AppearanceManager;
			sourceTree = "<group>";
		};
		8A4C4F9F28E20CBA00721C50 /* ArrowIconManager */ = {
			isa = PBXGroup;
			children = (
				8A4C4FA228E20FB100721C50 /* ArrowIconPicker.swift */,
			);
			path = ArrowIconManager;
			sourceTree = "<group>";
		};
		8A52024328E0A21900C49779 /* Features */ = {
			isa = PBXGroup;
			children = (
				8AD1768F28E1C08000A12948 /* MainTabView */,
				45513FA828EAF2CD0064A32E /* HuntListView */,
				8AD1768C28E0F13300A12948 /* LocationListView */,
				8A4C4F9228E1C0F700721C50 /* SettingsView */,
				4587B6C728F32AED00F10ED8 /* OnboardingView */,
				8AFCFF3828E225ED000D1A0B /* MapView.swift */,
			);
			path = Features;
			sourceTree = "<group>";
		};
		8A52024828E0A21900C49779 /* HuntView */ = {
			isa = PBXGroup;
			children = (
				8A52024928E0A21900C49779 /* HuntView.swift */,
				45A7210F295078B20068DAF7 /* HuntView+BackgroundMap.swift */,
				457B6181294B2E1E005F3535 /* HuntView+IntroductionView.swift */,
				45FA5B512954664B00A02411 /* HuntView+OutlineView.swift */,
				4530A10C28F14BCD00F05AE3 /* HuntView+QuestionView.swift */,
				45A8CEE628EA228500F19E67 /* HuntViewModel.swift */,
				8AD1768A28E0C58200A12948 /* HuntManager.swift */,
				45A1A5082951BD1B00E43E2B /* DirectionDistanceView */,
				45513FC028ED69130064A32E /* StationAnnotationView.swift */,
				8A1CBD7528E36EC300E0AE4B /* TrafficWarningView.swift */,
			);
			path = HuntView;
			sourceTree = "<group>";
		};
		8A52024F28E0A23200C49779 /* Extensions */ = {
			isa = PBXGroup;
			children = (
				45DC5FCA292B7A5C00860167 /* AnyTransition+PageTransition.swift */,
				8A4C4F9328E1D9BB00721C50 /* Array+Extension.swift */,
				8AD1768828E0AE0C00A12948 /* Button+Extension.swift */,
				F2A056A628DB7983007D7FFF /* CLLocationCoordinate2D+Extension.swift */,
				4574F37929476B2C007963CC /* CLLocationDistance+Extension.swift */,
				8A1CBD7728E3795300E0AE4B /* Color+Extension.swift */,
				458F90E828EAB15500F9BE29 /* Double+Extension.swift */,
				454E91E529579D5D00A3BF25 /* Optional+BoundString.swift */,
				458F90E628EAAEB200F9BE29 /* UserDefaults+Keys.swift */,
				8A52025028E0A23200C49779 /* ViewModifier */,
				458BE2A2293C88BE00869ADF /* Views */,
			);
			path = Extensions;
			sourceTree = "<group>";
		};
		8A52025028E0A23200C49779 /* ViewModifier */ = {
			isa = PBXGroup;
			children = (
				45A77A0529599A8E002C88B9 /* EmptyState+ViewModifier.swift */,
				454E91E329571B2500A3BF25 /* RoundedBackground+ViewModifier.swift */,
				8A52025128E0A23200C49779 /* Button+PressActionsModifier.swift */,
				45EDD404292A2BAA00C8EF86 /* DisableAnimation+ViewModifier.swift */,
				45FA5B53295467C400A02411 /* GradientBackground-ViewModifier.swift */,
				451B5AA6294078E4005DCBCA /* InvisibleNavigationLink+ViewModifier.swift */,
				45F99CE9290C6F5F0050AC6F /* ReadSize+ViewModifier.swift */,
				8A4C4F9728E1FBFE00721C50 /* RoundedNavigationTitle-ViewModifier.swift */,
				457C2D56292818350051FDD6 /* SuccessPopover */,
			);
			path = ViewModifier;
			sourceTree = "<group>";
		};
		8AD1768C28E0F13300A12948 /* LocationListView */ = {
			isa = PBXGroup;
			children = (
				8A52024728E0A21900C49779 /* LocationsListView.swift */,
				8AD1768D28E0F14600A12948 /* LocationsListRowView.swift */,
				4532DB0A28FC81E600C32418 /* AddLocationView */,
			);
			path = LocationListView;
			sourceTree = "<group>";
		};
		8AD1768F28E1C08000A12948 /* MainTabView */ = {
			isa = PBXGroup;
			children = (
				8A4C4F8E28E1C0E100721C50 /* MainTabView.swift */,
			);
			path = MainTabView;
			sourceTree = "<group>";
		};
		F212392428CA539C006754E3 = {
			isa = PBXGroup;
			children = (
				F212392F28CA539C006754E3 /* TreasureHunt */,
				F212392E28CA539C006754E3 /* Products */,
			);
			sourceTree = "<group>";
		};
		F212392E28CA539C006754E3 /* Products */ = {
			isa = PBXGroup;
			children = (
				F212392D28CA539C006754E3 /* TreasureHunt.app */,
			);
			name = Products;
			sourceTree = "<group>";
		};
		F212392F28CA539C006754E3 /* TreasureHunt */ = {
			isa = PBXGroup;
			children = (
				F212393028CA539C006754E3 /* TreasureHuntApp.swift */,
				8A52024328E0A21900C49779 /* Features */,
				458BE2A6293C8C7600869ADF /* Persistence */,
				8A52024F28E0A23200C49779 /* Extensions */,
				8A4C4F9928E207AA00721C50 /* Utils */,
				4587B6C628F329FA00F10ED8 /* Resources */,
				F212393628CA539E006754E3 /* Preview Content */,
			);
			path = TreasureHunt;
			sourceTree = "<group>";
		};
		F212393628CA539E006754E3 /* Preview Content */ = {
			isa = PBXGroup;
			children = (
				F212393728CA539E006754E3 /* Preview Assets.xcassets */,
			);
			path = "Preview Content";
			sourceTree = "<group>";
		};
		F2A056B228DB99B9007D7FFF /* Models */ = {
			isa = PBXGroup;
			children = (
				45D56EE828F3ED860008BC3A /* THHunt */,
				4587B6CF28F37BF800F10ED8 /* THStation */,
				45DC5FC9292B718100860167 /* THLocation */,
				45513FB328EAF82A0064A32E /* LocationProvider */,
			);
			path = Models;
			sourceTree = "<group>";
		};
/* End PBXGroup section */

/* Begin PBXNativeTarget section */
		F212392C28CA539C006754E3 /* TreasureHunt */ = {
			isa = PBXNativeTarget;
			buildConfigurationList = F212393B28CA539E006754E3 /* Build configuration list for PBXNativeTarget "TreasureHunt" */;
			buildPhases = (
				F212392928CA539C006754E3 /* Sources */,
				F212392A28CA539C006754E3 /* Frameworks */,
				F212392B28CA539C006754E3 /* Resources */,
			);
			buildRules = (
			);
			dependencies = (
			);
			name = TreasureHunt;
			packageProductDependencies = (
			);
			productName = TreasureHunt;
			productReference = F212392D28CA539C006754E3 /* TreasureHunt.app */;
			productType = "com.apple.product-type.application";
		};
/* End PBXNativeTarget section */

/* Begin PBXProject section */
		F212392528CA539C006754E3 /* Project object */ = {
			isa = PBXProject;
			attributes = {
				BuildIndependentTargetsInParallel = 1;
				LastSwiftUpdateCheck = 1340;
				LastUpgradeCheck = 1340;
				TargetAttributes = {
					F212392C28CA539C006754E3 = {
						CreatedOnToolsVersion = 13.4.1;
					};
				};
			};
			buildConfigurationList = F212392828CA539C006754E3 /* Build configuration list for PBXProject "TreasureHunt" */;
			compatibilityVersion = "Xcode 14.0";
			developmentRegion = en;
			hasScannedForEncodings = 0;
			knownRegions = (
				en,
				de,
				Base,
			);
			mainGroup = F212392428CA539C006754E3;
			packageReferences = (
			);
			productRefGroup = F212392E28CA539C006754E3 /* Products */;
			projectDirPath = "";
			projectRoot = "";
			targets = (
				F212392C28CA539C006754E3 /* TreasureHunt */,
			);
		};
/* End PBXProject section */

/* Begin PBXResourcesBuildPhase section */
		F212392B28CA539C006754E3 /* Resources */ = {
			isa = PBXResourcesBuildPhase;
			buildActionMask = 2147483647;
			files = (
				4532DB0728FA981500C32418 /* Localizable.strings in Resources */,
				45B7EFEC28F4BDE1006AE0FB /* success.wav in Resources */,
				F212393828CA539E006754E3 /* Preview Assets.xcassets in Resources */,
				F212393528CA539E006754E3 /* Assets.xcassets in Resources */,
				45B7EFEB28F4BDE1006AE0FB /* error.wav in Resources */,
				45ABD0BC290AAD230010E1EF /* Localizable.stringsdict in Resources */,
			);
			runOnlyForDeploymentPostprocessing = 0;
		};
/* End PBXResourcesBuildPhase section */

/* Begin PBXSourcesBuildPhase section */
		F212392928CA539C006754E3 /* Sources */ = {
			isa = PBXSourcesBuildPhase;
			buildActionMask = 2147483647;
			files = (
				452AA85328F69DA300F11BA5 /* LocationAuthorizationOnboardingView.swift in Sources */,
				F2A056A528DB7957007D7FFF /* LocationProvider.swift in Sources */,
				45E188C728F5451700A055BD /* AudioPlayer.swift in Sources */,
				4533508F28FC824400BC0AA0 /* AddLocationView+TriggerDistanceSlider.swift in Sources */,
				45513FBE28ECD22C0064A32E /* HuntListDetailView.swift in Sources */,
				45FA5B54295467C400A02411 /* GradientBackground-ViewModifier.swift in Sources */,
				4587B6D328F383C900F10ED8 /* THLocationModelService.swift in Sources */,
				8A4C4F9828E1FBFE00721C50 /* RoundedNavigationTitle-ViewModifier.swift in Sources */,
				458BE2BE293CA9DE00869ADF /* THLocation+CoreDataProperties.swift in Sources */,
				8A52024A28E0A21900C49779 /* AddLocationView.swift in Sources */,
				45D56EEC28F3F06A0008BC3A /* THHuntModelService.swift in Sources */,
				458F90E728EAAEB200F9BE29 /* UserDefaults+Keys.swift in Sources */,
				458BE2BF293CA9DE00869ADF /* THHunt+CoreDataClass.swift in Sources */,
				458F90E928EAB15500F9BE29 /* Double+Extension.swift in Sources */,
				8A4C4F9128E1C0F100721C50 /* SettingsView.swift in Sources */,
				F212393128CA539C006754E3 /* TreasureHuntApp.swift in Sources */,
				45DC5FCB292B7A5C00860167 /* AnyTransition+PageTransition.swift in Sources */,
				45F4B53F293BD895001BD47C /* LazyView.swift in Sources */,
				8A52025328E0A23200C49779 /* Button+PressActionsModifier.swift in Sources */,
				45F99CDF290BD36C0050AC6F /* LegalNoticeView.swift in Sources */,
				458BE2C2293CA9DE00869ADF /* THStation+CoreDataProperties.swift in Sources */,
				45EDD40129297F5600C8EF86 /* AddHuntView+IntroductionPage.swift in Sources */,
				4530A10D28F14BCD00F05AE3 /* HuntView+QuestionView.swift in Sources */,
				8A1CBD7828E3795300E0AE4B /* Color+Extension.swift in Sources */,
				8A4C4F9D28E2083500721C50 /* AppearancePicker.swift in Sources */,
				8AD1768B28E0C58200A12948 /* HuntManager.swift in Sources */,
				457C2D532928176A0051FDD6 /* SuccessPopover+ViewModifier.swift in Sources */,
				45A1A5072951BD1600E43E2B /* DirectionDistanceView+NotNearStationView.swift in Sources */,
				F2A056A728DB7983007D7FFF /* CLLocationCoordinate2D+Extension.swift in Sources */,
				8A52024C28E0A21900C49779 /* DirectionView.swift in Sources */,
				45EDD3FD29297F1300C8EF86 /* AddHuntView+NamePage.swift in Sources */,
				45513FB928ECBDC10064A32E /* StationPickerRowView.swift in Sources */,
				8A4C4FA328E20FB100721C50 /* ArrowIconPicker.swift in Sources */,
				458F90E528EAACB300F9BE29 /* HapticsManager.swift in Sources */,
				8AD1768E28E0F14600A12948 /* LocationsListRowView.swift in Sources */,
				458BE2C0293CA9DE00869ADF /* THHunt+CoreDataProperties.swift in Sources */,
				8A4C4F8F28E1C0E100721C50 /* MainTabView.swift in Sources */,
				451B5AA5294075C7005DCBCA /* AddStationView.swift in Sources */,
				45B7EFE528F4BCC6006AE0FB /* SoundType.swift in Sources */,
				45F99CE5290BFFBF0050AC6F /* HuntListDetailView+StationRowView.swift in Sources */,
				45B0DFA0294767C1002942F0 /* HuntListDetailView+OutlineView.swift in Sources */,
				8A4C4F9428E1D9BB00721C50 /* Array+Extension.swift in Sources */,
				45EDD40329297F9600C8EF86 /* AddHuntView+OutroPage.swift in Sources */,
				457B6182294B2E1E005F3535 /* HuntView+IntroductionView.swift in Sources */,
				4574F37C29478357007963CC /* HuntListDetailView+StationsList.swift in Sources */,
				45EDD3FF29297F2600C8EF86 /* AddHuntView+StationsPicker.swift in Sources */,
				8AD1768928E0AE0C00A12948 /* Button+Extension.swift in Sources */,
				45ABD0B9290AA9CF0010E1EF /* L10n.swift in Sources */,
				45513FB528EAFADD0064A32E /* AddHuntView.swift in Sources */,
				45F99CE3290BD3CE0050AC6F /* Constants.swift in Sources */,
				457C2D55292818310051FDD6 /* AnimatedCheckmark.swift in Sources */,
				8AFCFF3928E225ED000D1A0B /* MapView.swift in Sources */,
				458BE2BD293CA9DE00869ADF /* THLocation+CoreDataClass.swift in Sources */,
				458F1B4E2944A7E300525EBC /* NSManagedObject+Extension.swift in Sources */,
				45A1A50A2951BDC700E43E2B /* DirectionDistanceView+NearStationView.swift in Sources */,
				454E91E429571B2500A3BF25 /* RoundedBackground+ViewModifier.swift in Sources */,
				8A52024E28E0A21900C49779 /* HuntView.swift in Sources */,
				45FA5B522954664B00A02411 /* HuntView+OutlineView.swift in Sources */,
				45A8CEE728EA228500F19E67 /* HuntViewModel.swift in Sources */,
				458BE2B3293CA83A00869ADF /* PersistenceController.swift in Sources */,
				8A1CBD7628E36EC300E0AE4B /* TrafficWarningView.swift in Sources */,
				45B0DF9E2947677E002942F0 /* HuntListDetailView+IntroductionView.swift in Sources */,
				45B0DF9C2946476A002942F0 /* THStationModelService.swift in Sources */,
				45F99CEA290C6F5F0050AC6F /* ReadSize+ViewModifier.swift in Sources */,
				454E91E629579D5D00A3BF25 /* Optional+BoundString.swift in Sources */,
				45513FC128ED69130064A32E /* StationAnnotationView.swift in Sources */,
				8A4C4F9B28E207C200721C50 /* AppearanceManager.swift in Sources */,
				45F99CE1290BD3B30050AC6F /* AboutView.swift in Sources */,
				45A77A0629599A8E002C88B9 /* EmptyState+ViewModifier.swift in Sources */,
				8A52024D28E0A21900C49779 /* LocationsListView.swift in Sources */,
				45EDD407292A450600C8EF86 /* AddHuntView+PageSelection.swift in Sources */,
				45513FAA28EAF2D90064A32E /* HuntListView.swift in Sources */,
				45A72110295078B20068DAF7 /* HuntView+BackgroundMap.swift in Sources */,
				45F4B53D293BCB72001BD47C /* AddHuntViewModel.swift in Sources */,
				458BE2B6293CA86000869ADF /* TreasureHunt.xcdatamodeld in Sources */,
				45513FBC28ECD2070064A32E /* HuntListRowView.swift in Sources */,
				4574F37A29476B2C007963CC /* CLLocationDistance+Extension.swift in Sources */,
				45916496292AA9E800037F44 /* THNumberedCircle.swift in Sources */,
				458BE2C1293CA9DE00869ADF /* THStation+CoreDataClass.swift in Sources */,
				45EDD405292A2BAA00C8EF86 /* DisableAnimation+ViewModifier.swift in Sources */,
				45EDD409292A9CE600C8EF86 /* THToggle.swift in Sources */,
				451B5AA7294078E4005DCBCA /* InvisibleNavigationLink+ViewModifier.swift in Sources */,
			);
			runOnlyForDeploymentPostprocessing = 0;
		};
/* End PBXSourcesBuildPhase section */

/* Begin PBXVariantGroup section */
		4532DB0928FA981500C32418 /* Localizable.strings */ = {
			isa = PBXVariantGroup;
			children = (
				4532DB0828FA981500C32418 /* en */,
				45ABD0B5290AA6630010E1EF /* de */,
			);
			name = Localizable.strings;
			sourceTree = "<group>";
		};
		45ABD0BE290AAD230010E1EF /* Localizable.stringsdict */ = {
			isa = PBXVariantGroup;
			children = (
				45ABD0BD290AAD230010E1EF /* en */,
				45ABD0BF290AAD250010E1EF /* de */,
			);
			name = Localizable.stringsdict;
			sourceTree = "<group>";
		};
/* End PBXVariantGroup section */

/* Begin XCBuildConfiguration section */
		F212393928CA539E006754E3 /* Debug */ = {
			isa = XCBuildConfiguration;
			buildSettings = {
				ALWAYS_SEARCH_USER_PATHS = NO;
				CLANG_ANALYZER_LOCALIZABILITY_NONLOCALIZED = YES;
				CLANG_ANALYZER_NONNULL = YES;
				CLANG_ANALYZER_NUMBER_OBJECT_CONVERSION = YES_AGGRESSIVE;
				CLANG_CXX_LANGUAGE_STANDARD = "gnu++17";
				CLANG_ENABLE_MODULES = YES;
				CLANG_ENABLE_OBJC_ARC = YES;
				CLANG_ENABLE_OBJC_WEAK = YES;
				CLANG_WARN_BLOCK_CAPTURE_AUTORELEASING = YES;
				CLANG_WARN_BOOL_CONVERSION = YES;
				CLANG_WARN_COMMA = YES;
				CLANG_WARN_CONSTANT_CONVERSION = YES;
				CLANG_WARN_DEPRECATED_OBJC_IMPLEMENTATIONS = YES;
				CLANG_WARN_DIRECT_OBJC_ISA_USAGE = YES_ERROR;
				CLANG_WARN_DOCUMENTATION_COMMENTS = YES;
				CLANG_WARN_EMPTY_BODY = YES;
				CLANG_WARN_ENUM_CONVERSION = YES;
				CLANG_WARN_INFINITE_RECURSION = YES;
				CLANG_WARN_INT_CONVERSION = YES;
				CLANG_WARN_NON_LITERAL_NULL_CONVERSION = YES;
				CLANG_WARN_OBJC_IMPLICIT_RETAIN_SELF = YES;
				CLANG_WARN_OBJC_LITERAL_CONVERSION = YES;
				CLANG_WARN_OBJC_ROOT_CLASS = YES_ERROR;
				CLANG_WARN_QUOTED_INCLUDE_IN_FRAMEWORK_HEADER = YES;
				CLANG_WARN_RANGE_LOOP_ANALYSIS = YES;
				CLANG_WARN_STRICT_PROTOTYPES = YES;
				CLANG_WARN_SUSPICIOUS_MOVE = YES;
				CLANG_WARN_UNGUARDED_AVAILABILITY = YES_AGGRESSIVE;
				CLANG_WARN_UNREACHABLE_CODE = YES;
				CLANG_WARN__DUPLICATE_METHOD_MATCH = YES;
				COPY_PHASE_STRIP = NO;
				DEBUG_INFORMATION_FORMAT = dwarf;
				ENABLE_STRICT_OBJC_MSGSEND = YES;
				ENABLE_TESTABILITY = YES;
				GCC_C_LANGUAGE_STANDARD = gnu11;
				GCC_DYNAMIC_NO_PIC = NO;
				GCC_NO_COMMON_BLOCKS = YES;
				GCC_OPTIMIZATION_LEVEL = 0;
				GCC_PREPROCESSOR_DEFINITIONS = (
					"DEBUG=1",
					"$(inherited)",
				);
				GCC_WARN_64_TO_32_BIT_CONVERSION = YES;
				GCC_WARN_ABOUT_RETURN_TYPE = YES_ERROR;
				GCC_WARN_UNDECLARED_SELECTOR = YES;
				GCC_WARN_UNINITIALIZED_AUTOS = YES_AGGRESSIVE;
				GCC_WARN_UNUSED_FUNCTION = YES;
				GCC_WARN_UNUSED_VARIABLE = YES;
				IPHONEOS_DEPLOYMENT_TARGET = 16.0;
				MTL_ENABLE_DEBUG_INFO = INCLUDE_SOURCE;
				MTL_FAST_MATH = YES;
				ONLY_ACTIVE_ARCH = YES;
				SDKROOT = iphoneos;
				SWIFT_ACTIVE_COMPILATION_CONDITIONS = DEBUG;
				SWIFT_OPTIMIZATION_LEVEL = "-Onone";
			};
			name = Debug;
		};
		F212393A28CA539E006754E3 /* Release */ = {
			isa = XCBuildConfiguration;
			buildSettings = {
				ALWAYS_SEARCH_USER_PATHS = NO;
				CLANG_ANALYZER_LOCALIZABILITY_NONLOCALIZED = YES;
				CLANG_ANALYZER_NONNULL = YES;
				CLANG_ANALYZER_NUMBER_OBJECT_CONVERSION = YES_AGGRESSIVE;
				CLANG_CXX_LANGUAGE_STANDARD = "gnu++17";
				CLANG_ENABLE_MODULES = YES;
				CLANG_ENABLE_OBJC_ARC = YES;
				CLANG_ENABLE_OBJC_WEAK = YES;
				CLANG_WARN_BLOCK_CAPTURE_AUTORELEASING = YES;
				CLANG_WARN_BOOL_CONVERSION = YES;
				CLANG_WARN_COMMA = YES;
				CLANG_WARN_CONSTANT_CONVERSION = YES;
				CLANG_WARN_DEPRECATED_OBJC_IMPLEMENTATIONS = YES;
				CLANG_WARN_DIRECT_OBJC_ISA_USAGE = YES_ERROR;
				CLANG_WARN_DOCUMENTATION_COMMENTS = YES;
				CLANG_WARN_EMPTY_BODY = YES;
				CLANG_WARN_ENUM_CONVERSION = YES;
				CLANG_WARN_INFINITE_RECURSION = YES;
				CLANG_WARN_INT_CONVERSION = YES;
				CLANG_WARN_NON_LITERAL_NULL_CONVERSION = YES;
				CLANG_WARN_OBJC_IMPLICIT_RETAIN_SELF = YES;
				CLANG_WARN_OBJC_LITERAL_CONVERSION = YES;
				CLANG_WARN_OBJC_ROOT_CLASS = YES_ERROR;
				CLANG_WARN_QUOTED_INCLUDE_IN_FRAMEWORK_HEADER = YES;
				CLANG_WARN_RANGE_LOOP_ANALYSIS = YES;
				CLANG_WARN_STRICT_PROTOTYPES = YES;
				CLANG_WARN_SUSPICIOUS_MOVE = YES;
				CLANG_WARN_UNGUARDED_AVAILABILITY = YES_AGGRESSIVE;
				CLANG_WARN_UNREACHABLE_CODE = YES;
				CLANG_WARN__DUPLICATE_METHOD_MATCH = YES;
				COPY_PHASE_STRIP = NO;
				DEBUG_INFORMATION_FORMAT = "dwarf-with-dsym";
				ENABLE_NS_ASSERTIONS = NO;
				ENABLE_STRICT_OBJC_MSGSEND = YES;
				GCC_C_LANGUAGE_STANDARD = gnu11;
				GCC_NO_COMMON_BLOCKS = YES;
				GCC_WARN_64_TO_32_BIT_CONVERSION = YES;
				GCC_WARN_ABOUT_RETURN_TYPE = YES_ERROR;
				GCC_WARN_UNDECLARED_SELECTOR = YES;
				GCC_WARN_UNINITIALIZED_AUTOS = YES_AGGRESSIVE;
				GCC_WARN_UNUSED_FUNCTION = YES;
				GCC_WARN_UNUSED_VARIABLE = YES;
				IPHONEOS_DEPLOYMENT_TARGET = 16.0;
				MTL_ENABLE_DEBUG_INFO = NO;
				MTL_FAST_MATH = YES;
				SDKROOT = iphoneos;
				SWIFT_COMPILATION_MODE = wholemodule;
				SWIFT_OPTIMIZATION_LEVEL = "-O";
				VALIDATE_PRODUCT = YES;
			};
			name = Release;
		};
		F212393C28CA539E006754E3 /* Debug */ = {
			isa = XCBuildConfiguration;
			buildSettings = {
				ASSETCATALOG_COMPILER_APPICON_NAME = AppIcon;
				ASSETCATALOG_COMPILER_GLOBAL_ACCENT_COLOR_NAME = PrimaryAccentColor;
				CODE_SIGN_STYLE = Automatic;
				CURRENT_PROJECT_VERSION = 1;
				DEVELOPMENT_ASSET_PATHS = "\"TreasureHunt/Preview Content\"";
				DEVELOPMENT_TEAM = X9DJ8STXP5;
				ENABLE_PREVIEWS = YES;
				GENERATE_INFOPLIST_FILE = YES;
				INFOPLIST_KEY_NSLocationAlwaysAndWhenInUseUsageDescription = "TreasureHunt benötigt deinen Standort um die Funktion der App zu gewährleisten.";
				INFOPLIST_KEY_NSLocationWhenInUseUsageDescription = "TreasureHunt benötigt deinen Standort um die Funktion der App zu gewährleisten.";
				INFOPLIST_KEY_UIApplicationSceneManifest_Generation = YES;
				INFOPLIST_KEY_UIApplicationSupportsIndirectInputEvents = YES;
				INFOPLIST_KEY_UILaunchScreen_Generation = YES;
				INFOPLIST_KEY_UISupportedInterfaceOrientations = UIInterfaceOrientationPortrait;
				IPHONEOS_DEPLOYMENT_TARGET = 16.0;
				LD_RUNPATH_SEARCH_PATHS = (
					"$(inherited)",
					"@executable_path/Frameworks",
				);
				MARKETING_VERSION = 1.0;
				PRODUCT_BUNDLE_IDENTIFIER = de.marvinleekobert.treasureHunt;
				PRODUCT_NAME = "$(TARGET_NAME)";
				SWIFT_EMIT_LOC_STRINGS = YES;
				SWIFT_VERSION = 5.0;
				TARGETED_DEVICE_FAMILY = 1;
			};
			name = Debug;
		};
		F212393D28CA539E006754E3 /* Release */ = {
			isa = XCBuildConfiguration;
			buildSettings = {
				ASSETCATALOG_COMPILER_APPICON_NAME = AppIcon;
				ASSETCATALOG_COMPILER_GLOBAL_ACCENT_COLOR_NAME = PrimaryAccentColor;
				CODE_SIGN_STYLE = Automatic;
				CURRENT_PROJECT_VERSION = 1;
				DEVELOPMENT_ASSET_PATHS = "\"TreasureHunt/Preview Content\"";
				DEVELOPMENT_TEAM = X9DJ8STXP5;
				ENABLE_PREVIEWS = YES;
				GENERATE_INFOPLIST_FILE = YES;
				INFOPLIST_KEY_NSLocationAlwaysAndWhenInUseUsageDescription = "TreasureHunt benötigt deinen Standort um die Funktion der App zu gewährleisten.";
				INFOPLIST_KEY_NSLocationWhenInUseUsageDescription = "TreasureHunt benötigt deinen Standort um die Funktion der App zu gewährleisten.";
				INFOPLIST_KEY_UIApplicationSceneManifest_Generation = YES;
				INFOPLIST_KEY_UIApplicationSupportsIndirectInputEvents = YES;
				INFOPLIST_KEY_UILaunchScreen_Generation = YES;
				INFOPLIST_KEY_UISupportedInterfaceOrientations = UIInterfaceOrientationPortrait;
				IPHONEOS_DEPLOYMENT_TARGET = 16.0;
				LD_RUNPATH_SEARCH_PATHS = (
					"$(inherited)",
					"@executable_path/Frameworks",
				);
				MARKETING_VERSION = 1.0;
				PRODUCT_BUNDLE_IDENTIFIER = de.marvinleekobert.treasureHunt;
				PRODUCT_NAME = "$(TARGET_NAME)";
				SWIFT_EMIT_LOC_STRINGS = YES;
				SWIFT_VERSION = 5.0;
				TARGETED_DEVICE_FAMILY = 1;
			};
			name = Release;
		};
/* End XCBuildConfiguration section */

/* Begin XCConfigurationList section */
		F212392828CA539C006754E3 /* Build configuration list for PBXProject "TreasureHunt" */ = {
			isa = XCConfigurationList;
			buildConfigurations = (
				F212393928CA539E006754E3 /* Debug */,
				F212393A28CA539E006754E3 /* Release */,
			);
			defaultConfigurationIsVisible = 0;
			defaultConfigurationName = Release;
		};
		F212393B28CA539E006754E3 /* Build configuration list for PBXNativeTarget "TreasureHunt" */ = {
			isa = XCConfigurationList;
			buildConfigurations = (
				F212393C28CA539E006754E3 /* Debug */,
				F212393D28CA539E006754E3 /* Release */,
			);
			defaultConfigurationIsVisible = 0;
			defaultConfigurationName = Release;
		};
/* End XCConfigurationList section */

/* Begin XCVersionGroup section */
		458BE2B4293CA86000869ADF /* TreasureHunt.xcdatamodeld */ = {
			isa = XCVersionGroup;
			children = (
				458BE2B5293CA86000869ADF /* TreasureHunt.xcdatamodel */,
			);
			currentVersion = 458BE2B5293CA86000869ADF /* TreasureHunt.xcdatamodel */;
			path = TreasureHunt.xcdatamodeld;
			sourceTree = "<group>";
			versionGroupType = wrapper.xcdatamodel;
		};
/* End XCVersionGroup section */
	};
	rootObject = F212392528CA539C006754E3 /* Project object */;
}
